// !$*UTF8*$!
{
	archiveVersion = 1;
	classes = {
	};
	objectVersion = 55;
	objects = {

/* Begin PBXBuildFile section */
		A108AD15288BAC4E00682532 /* ServiceConst.swift in Sources */ = {isa = PBXBuildFile; fileRef = A108AD14288BAC4E00682532 /* ServiceConst.swift */; };
		A10EEDB828B942C100E8B1CB /* TestSettingsViewModelTesting.swift in Sources */ = {isa = PBXBuildFile; fileRef = A10EEDB728B942C100E8B1CB /* TestSettingsViewModelTesting.swift */; };
		A10EEDBA28B957A700E8B1CB /* KeysForTest.swift in Sources */ = {isa = PBXBuildFile; fileRef = A10EEDB928B957A700E8B1CB /* KeysForTest.swift */; };
		A11E0CEE288EB80D00635594 /* SettingsView.swift in Sources */ = {isa = PBXBuildFile; fileRef = A11E0CED288EB80D00635594 /* SettingsView.swift */; };
		A11E0CF0288EB81400635594 /* SettingsViewModel.swift in Sources */ = {isa = PBXBuildFile; fileRef = A11E0CEF288EB81400635594 /* SettingsViewModel.swift */; };
		A126C9D92879576C00CF3CD7 /* BreedApi.swift in Sources */ = {isa = PBXBuildFile; fileRef = A126C9D82879576C00CF3CD7 /* BreedApi.swift */; };
		A126C9DB2879578800CF3CD7 /* BreedService.swift in Sources */ = {isa = PBXBuildFile; fileRef = A126C9DA2879578800CF3CD7 /* BreedService.swift */; };
		A127054B2879B727001B0A74 /* BaseViewModel.swift in Sources */ = {isa = PBXBuildFile; fileRef = A127054A2879B727001B0A74 /* BaseViewModel.swift */; };
		A12951662899AE1C00E6AD97 /* CameraView.swift in Sources */ = {isa = PBXBuildFile; fileRef = A12951652899AE1C00E6AD97 /* CameraView.swift */; };
		A14BDE0B28BA452E00EA7B69 /* LaunchScreen.swift in Sources */ = {isa = PBXBuildFile; fileRef = A14BDE0A28BA452E00EA7B69 /* LaunchScreen.swift */; };
		A154449C28AA56D900D452EC /* MockBreedService.swift in Sources */ = {isa = PBXBuildFile; fileRef = A154449B28AA56D900D452EC /* MockBreedService.swift */; };
		A1584ADF287EF150008AF229 /* SearchBar.swift in Sources */ = {isa = PBXBuildFile; fileRef = A1584ADE287EF150008AF229 /* SearchBar.swift */; };
		A1584AE4287EF85B008AF229 /* BreedDetailView.swift in Sources */ = {isa = PBXBuildFile; fileRef = A1584AE3287EF85B008AF229 /* BreedDetailView.swift */; };
		A1584AE6287F058A008AF229 /* BaseViewFrame.swift in Sources */ = {isa = PBXBuildFile; fileRef = A1584AE5287F058A008AF229 /* BaseViewFrame.swift */; };
		A1584AE8287F131C008AF229 /* TabBarItems.swift in Sources */ = {isa = PBXBuildFile; fileRef = A1584AE7287F131C008AF229 /* TabBarItems.swift */; };
		A15A138B28A78085001309E4 /* TestDiskCacheManagerTesting.swift in Sources */ = {isa = PBXBuildFile; fileRef = A15A138A28A78085001309E4 /* TestDiskCacheManagerTesting.swift */; };
		A15E5F0128B9D4B200104FCB /* TestSearchImageViewModelTesting.swift in Sources */ = {isa = PBXBuildFile; fileRef = A15E5F0028B9D4B200104FCB /* TestSearchImageViewModelTesting.swift */; };
		A16C70C028AA380900273BDA /* Const.swift in Sources */ = {isa = PBXBuildFile; fileRef = A16C70BF28AA380900273BDA /* Const.swift */; };
		A16C70C828AA4A7700273BDA /* TestBreedServiceTesting.swift in Sources */ = {isa = PBXBuildFile; fileRef = A16C70C728AA4A7700273BDA /* TestBreedServiceTesting.swift */; };
		A17162F228883D01004CC2AF /* HomeView.swift in Sources */ = {isa = PBXBuildFile; fileRef = A17162F128883D01004CC2AF /* HomeView.swift */; };
		A17162F728884718004CC2AF /* HomeViewModel.swift in Sources */ = {isa = PBXBuildFile; fileRef = A17162F628884718004CC2AF /* HomeViewModel.swift */; };
		A17162FA28885D28004CC2AF /* BreedRes.swift in Sources */ = {isa = PBXBuildFile; fileRef = A17162F928885D28004CC2AF /* BreedRes.swift */; };
		A17162FC28885D57004CC2AF /* VoteRes.swift in Sources */ = {isa = PBXBuildFile; fileRef = A17162FB28885D57004CC2AF /* VoteRes.swift */; };
		A17162FE28885E29004CC2AF /* ImageRes.swift in Sources */ = {isa = PBXBuildFile; fileRef = A17162FD28885E29004CC2AF /* ImageRes.swift */; };
		A171630028885E65004CC2AF /* FactRes.swift in Sources */ = {isa = PBXBuildFile; fileRef = A17162FF28885E65004CC2AF /* FactRes.swift */; };
		A171630228885EC0004CC2AF /* FavouriteRes.swift in Sources */ = {isa = PBXBuildFile; fileRef = A171630128885EC0004CC2AF /* FavouriteRes.swift */; };
		A171630428886004004CC2AF /* BreedModel.swift in Sources */ = {isa = PBXBuildFile; fileRef = A171630328886004004CC2AF /* BreedModel.swift */; };
		A17C461B287B2440005B6E07 /* RequestBuilder.swift in Sources */ = {isa = PBXBuildFile; fileRef = A17C461A287B2440005B6E07 /* RequestBuilder.swift */; };
		A17F4D2E2886EFC6009A68BF /* AsyncImgView.swift in Sources */ = {isa = PBXBuildFile; fileRef = A17F4D2D2886EFC6009A68BF /* AsyncImgView.swift */; };
		A17F4D312886F215009A68BF /* AsyncImgViewModel.swift in Sources */ = {isa = PBXBuildFile; fileRef = A17F4D302886F215009A68BF /* AsyncImgViewModel.swift */; };
		A1819696287A785D00C6E7B8 /* FavouriteApi.swift in Sources */ = {isa = PBXBuildFile; fileRef = A1819695287A785D00C6E7B8 /* FavouriteApi.swift */; };
		A1819698287A7B3800C6E7B8 /* FavouriteService.swift in Sources */ = {isa = PBXBuildFile; fileRef = A1819697287A7B3800C6E7B8 /* FavouriteService.swift */; };
		A1836344288B4D440070B862 /* DiskCache.swift in Sources */ = {isa = PBXBuildFile; fileRef = A1836343288B4D440070B862 /* DiskCache.swift */; };
		A18C175D2897FC6D00BC3909 /* UploadImageRes.swift in Sources */ = {isa = PBXBuildFile; fileRef = A18C175C2897FC6D00BC3909 /* UploadImageRes.swift */; };
		A190263628B1E00A00A77424 /* CommonError.swift in Sources */ = {isa = PBXBuildFile; fileRef = A190263528B1E00A00A77424 /* CommonError.swift */; };
		A190263928B1E08300A77424 /* TestFavouriteServiceTesting.swift in Sources */ = {isa = PBXBuildFile; fileRef = A190263828B1E08300A77424 /* TestFavouriteServiceTesting.swift */; };
		A190263B28B1E0AB00A77424 /* MockFavouriteService.swift in Sources */ = {isa = PBXBuildFile; fileRef = A190263A28B1E0AB00A77424 /* MockFavouriteService.swift */; };
		A190263E28B1F08C00A77424 /* MockImageService.swift in Sources */ = {isa = PBXBuildFile; fileRef = A190263D28B1F08C00A77424 /* MockImageService.swift */; };
		A190264028B1F12600A77424 /* TestImagesServiceTesting.swift in Sources */ = {isa = PBXBuildFile; fileRef = A190263F28B1F12600A77424 /* TestImagesServiceTesting.swift */; };
		A1973FCC28A15C3500B90093 /* BaseService.swift in Sources */ = {isa = PBXBuildFile; fileRef = A1973FCB28A15C3500B90093 /* BaseService.swift */; };
		A19789502879FA1600EDB501 /* BreedView.swift in Sources */ = {isa = PBXBuildFile; fileRef = A197894F2879FA1600EDB501 /* BreedView.swift */; };
		A19789522879FA4700EDB501 /* BreedViewModel.swift in Sources */ = {isa = PBXBuildFile; fileRef = A19789512879FA4700EDB501 /* BreedViewModel.swift */; };
		A19789552879FE7100EDB501 /* SearchView.swift in Sources */ = {isa = PBXBuildFile; fileRef = A19789542879FE7100EDB501 /* SearchView.swift */; };
		A19789572879FE7E00EDB501 /* SearchViewModel.swift in Sources */ = {isa = PBXBuildFile; fileRef = A19789562879FE7E00EDB501 /* SearchViewModel.swift */; };
		A197895C2879FF7A00EDB501 /* ImagesService.swift in Sources */ = {isa = PBXBuildFile; fileRef = A197895B2879FF7A00EDB501 /* ImagesService.swift */; };
		A197895E2879FF8400EDB501 /* ImagesApi.swift in Sources */ = {isa = PBXBuildFile; fileRef = A197895D2879FF8400EDB501 /* ImagesApi.swift */; };
		A1A086C9287C30B90021C4D3 /* URL+extension.swift in Sources */ = {isa = PBXBuildFile; fileRef = A1A086C8287C30B90021C4D3 /* URL+extension.swift */; };
		A1A086CB287C30D70021C4D3 /* HttpMethod.swift in Sources */ = {isa = PBXBuildFile; fileRef = A1A086CA287C30D70021C4D3 /* HttpMethod.swift */; };
		A1A89C1A2880B11000FE3DBC /* Labels.swift in Sources */ = {isa = PBXBuildFile; fileRef = A1A89C192880B11000FE3DBC /* Labels.swift */; };
		A1A92BAD2885B3310091EBEA /* CatWikiView.swift in Sources */ = {isa = PBXBuildFile; fileRef = A1A92BAC2885B3310091EBEA /* CatWikiView.swift */; };
		A1ACAC542889D78500B6A788 /* CreateVoteRes.swift in Sources */ = {isa = PBXBuildFile; fileRef = A1ACAC532889D78500B6A788 /* CreateVoteRes.swift */; };
		A1ACAC562889D7D100B6A788 /* DeleteVoteRes.swift in Sources */ = {isa = PBXBuildFile; fileRef = A1ACAC552889D7D100B6A788 /* DeleteVoteRes.swift */; };
		A1ACAC582889DFE100B6A788 /* DeleteFavouriteRes.swift in Sources */ = {isa = PBXBuildFile; fileRef = A1ACAC572889DFE100B6A788 /* DeleteFavouriteRes.swift */; };
		A1ACAC5A2889E55400B6A788 /* ImagesReq.swift in Sources */ = {isa = PBXBuildFile; fileRef = A1ACAC592889E55400B6A788 /* ImagesReq.swift */; };
		A1ACAC5C2889E62200B6A788 /* UploadImageReq.swift in Sources */ = {isa = PBXBuildFile; fileRef = A1ACAC5B2889E62200B6A788 /* UploadImageReq.swift */; };
		A1ACAC5F2889E6A000B6A788 /* GetUploadImagesReq.swift in Sources */ = {isa = PBXBuildFile; fileRef = A1ACAC5E2889E6A000B6A788 /* GetUploadImagesReq.swift */; };
		A1ACAC6A2889E8A800B6A788 /* SourceRes.swift in Sources */ = {isa = PBXBuildFile; fileRef = A1ACAC692889E8A800B6A788 /* SourceRes.swift */; };
		A1ACAC6E2889E95B00B6A788 /* SponsorRes.swift in Sources */ = {isa = PBXBuildFile; fileRef = A1ACAC6D2889E95B00B6A788 /* SponsorRes.swift */; };
		A1ACAC702889E9E000B6A788 /* ImageAnalysisRes.swift in Sources */ = {isa = PBXBuildFile; fileRef = A1ACAC6F2889E9E000B6A788 /* ImageAnalysisRes.swift */; };
		A1ACAC732889EB3600B6A788 /* BreedReq.swift in Sources */ = {isa = PBXBuildFile; fileRef = A1ACAC722889EB3600B6A788 /* BreedReq.swift */; };
		A1ACAC752889EBD600B6A788 /* BreedsReq.swift in Sources */ = {isa = PBXBuildFile; fileRef = A1ACAC742889EBD600B6A788 /* BreedsReq.swift */; };
		A1ACAC782889EC5300B6A788 /* CategoryListReq.swift in Sources */ = {isa = PBXBuildFile; fileRef = A1ACAC772889EC5300B6A788 /* CategoryListReq.swift */; };
		A1B70F8528834007002B4F26 /* ImagePicker.swift in Sources */ = {isa = PBXBuildFile; fileRef = A1B70F8428834007002B4F26 /* ImagePicker.swift */; };
		A1B8AEEC2878560A000D16DE /* CatsApp.swift in Sources */ = {isa = PBXBuildFile; fileRef = A1B8AEEB2878560A000D16DE /* CatsApp.swift */; };
		A1B8AEF02878560B000D16DE /* Assets.xcassets in Resources */ = {isa = PBXBuildFile; fileRef = A1B8AEEF2878560B000D16DE /* Assets.xcassets */; };
		A1B8AEF32878560B000D16DE /* Preview Assets.xcassets in Resources */ = {isa = PBXBuildFile; fileRef = A1B8AEF22878560B000D16DE /* Preview Assets.xcassets */; };
		A1B8AF1628785648000D16DE /* MainView.swift in Sources */ = {isa = PBXBuildFile; fileRef = A1B8AF1528785648000D16DE /* MainView.swift */; };
		A1BA670728B644B200ECFEE4 /* TestBreedViewModelTesting.swift in Sources */ = {isa = PBXBuildFile; fileRef = A1BA670628B644B200ECFEE4 /* TestBreedViewModelTesting.swift */; };
		A1BF170E28967B8F0077AB1E /* MultipleTypes.swift in Sources */ = {isa = PBXBuildFile; fileRef = A1BF170D28967B8F0077AB1E /* MultipleTypes.swift */; };
		A1BF171028968E4B0077AB1E /* FavouriteModel.swift in Sources */ = {isa = PBXBuildFile; fileRef = A1BF170F28968E4B0077AB1E /* FavouriteModel.swift */; };
		A1C2CB202882E83F008CFFD2 /* UploadView.swift in Sources */ = {isa = PBXBuildFile; fileRef = A1C2CB1F2882E83F008CFFD2 /* UploadView.swift */; };
		A1C2CB222882E846008CFFD2 /* UploadViewModel.swift in Sources */ = {isa = PBXBuildFile; fileRef = A1C2CB212882E846008CFFD2 /* UploadViewModel.swift */; };
		A1C9331128A72960002B2A67 /* TestBreedApiTesting.swift in Sources */ = {isa = PBXBuildFile; fileRef = A1C9331028A72960002B2A67 /* TestBreedApiTesting.swift */; };
		A1C9331528A72F3B002B2A67 /* TestImageApiTesting.swift in Sources */ = {isa = PBXBuildFile; fileRef = A1C9331428A72F3B002B2A67 /* TestImageApiTesting.swift */; };
		A1CDFD9228A91EEF00FF50A9 /* TestUserPreferenceCacheTesting.swift in Sources */ = {isa = PBXBuildFile; fileRef = A1CDFD9128A91EEF00FF50A9 /* TestUserPreferenceCacheTesting.swift */; };
		A1CDFD9428A9389B00FF50A9 /* UserPreferenceCache.swift in Sources */ = {isa = PBXBuildFile; fileRef = A1CDFD9328A9389B00FF50A9 /* UserPreferenceCache.swift */; };
		A1E1F00628B79079003435D3 /* TestHomeViewModelTesting.swift in Sources */ = {isa = PBXBuildFile; fileRef = A1E1F00528B79079003435D3 /* TestHomeViewModelTesting.swift */; };
		A1E5BF5428A17D4C0087C28C /* CatsTests.swift in Sources */ = {isa = PBXBuildFile; fileRef = A1E5BF5328A17D4C0087C28C /* CatsTests.swift */; };
		A1E5BF5B28A17D6C0087C28C /* TestingRequestBuilderTest.swift in Sources */ = {isa = PBXBuildFile; fileRef = A1E5BF5A28A17D6C0087C28C /* TestingRequestBuilderTest.swift */; };
		A1E6F42728A6E3FD00C06B81 /* BaseApiProtocol.swift in Sources */ = {isa = PBXBuildFile; fileRef = A1E6F42628A6E3FC00C06B81 /* BaseApiProtocol.swift */; };
		A1E6F42928A6FC9600C06B81 /* TestingBaseRequestBuilderTest.swift in Sources */ = {isa = PBXBuildFile; fileRef = A1E6F42828A6FC9600C06B81 /* TestingBaseRequestBuilderTest.swift */; };
		A1E6F42C28A70D5900C06B81 /* TestBaseApi.swift in Sources */ = {isa = PBXBuildFile; fileRef = A1E6F42B28A70D5900C06B81 /* TestBaseApi.swift */; };
		A1EDFF0F28A76C9C00A76C45 /* TestFavouriteApiTesting.swift in Sources */ = {isa = PBXBuildFile; fileRef = A1EDFF0E28A76C9C00A76C45 /* TestFavouriteApiTesting.swift */; };
		A1EDFF1928A7755900A76C45 /* TestCacheManagerTesting.swift in Sources */ = {isa = PBXBuildFile; fileRef = A1EDFF1828A7755900A76C45 /* TestCacheManagerTesting.swift */; };
		A1F3375328786D3C0023961C /* Resources.swift in Sources */ = {isa = PBXBuildFile; fileRef = A1F3375228786D3C0023961C /* Resources.swift */; };
		A1F3CBDD2878F67B00710A35 /* CategoryRes.swift in Sources */ = {isa = PBXBuildFile; fileRef = A1F3CBDC2878F67B00710A35 /* CategoryRes.swift */; };
		A1F57F092883B2D100D01E30 /* CacheManager.swift in Sources */ = {isa = PBXBuildFile; fileRef = A1F57F082883B2D100D01E30 /* CacheManager.swift */; };
		A1F80FC42895C686009C21C8 /* SaveFavouriteRes.swift in Sources */ = {isa = PBXBuildFile; fileRef = A1F80FC32895C686009C21C8 /* SaveFavouriteRes.swift */; };
		A1F80FC72895C846009C21C8 /* SaveFavouriteImageReq.swift in Sources */ = {isa = PBXBuildFile; fileRef = A1F80FC62895C846009C21C8 /* SaveFavouriteImageReq.swift */; };
		A1F80FC92895CDEE009C21C8 /* ImageModel.swift in Sources */ = {isa = PBXBuildFile; fileRef = A1F80FC82895CDEE009C21C8 /* ImageModel.swift */; };
/* End PBXBuildFile section */

/* Begin PBXContainerItemProxy section */
		A1E5BF5528A17D4C0087C28C /* PBXContainerItemProxy */ = {
			isa = PBXContainerItemProxy;
			containerPortal = A1B8AEE02878560A000D16DE /* Project object */;
			proxyType = 1;
			remoteGlobalIDString = A1B8AEE72878560A000D16DE;
			remoteInfo = Cats;
		};
/* End PBXContainerItemProxy section */

/* Begin PBXFileReference section */
		A108AD14288BAC4E00682532 /* ServiceConst.swift */ = {isa = PBXFileReference; lastKnownFileType = sourcecode.swift; path = ServiceConst.swift; sourceTree = "<group>"; };
		A10EEDB728B942C100E8B1CB /* TestSettingsViewModelTesting.swift */ = {isa = PBXFileReference; lastKnownFileType = sourcecode.swift; path = TestSettingsViewModelTesting.swift; sourceTree = "<group>"; };
		A10EEDB928B957A700E8B1CB /* KeysForTest.swift */ = {isa = PBXFileReference; lastKnownFileType = sourcecode.swift; path = KeysForTest.swift; sourceTree = "<group>"; };
		A11E0CED288EB80D00635594 /* SettingsView.swift */ = {isa = PBXFileReference; lastKnownFileType = sourcecode.swift; path = SettingsView.swift; sourceTree = "<group>"; };
		A11E0CEF288EB81400635594 /* SettingsViewModel.swift */ = {isa = PBXFileReference; lastKnownFileType = sourcecode.swift; path = SettingsViewModel.swift; sourceTree = "<group>"; };
		A126C9D82879576C00CF3CD7 /* BreedApi.swift */ = {isa = PBXFileReference; lastKnownFileType = sourcecode.swift; path = BreedApi.swift; sourceTree = "<group>"; };
		A126C9DA2879578800CF3CD7 /* BreedService.swift */ = {isa = PBXFileReference; lastKnownFileType = sourcecode.swift; path = BreedService.swift; sourceTree = "<group>"; };
		A127054A2879B727001B0A74 /* BaseViewModel.swift */ = {isa = PBXFileReference; lastKnownFileType = sourcecode.swift; path = BaseViewModel.swift; sourceTree = "<group>"; };
		A12951652899AE1C00E6AD97 /* CameraView.swift */ = {isa = PBXFileReference; lastKnownFileType = sourcecode.swift; path = CameraView.swift; sourceTree = "<group>"; };
		A134BC8E287DC1640028B251 /* Info.plist */ = {isa = PBXFileReference; lastKnownFileType = text.plist; path = Info.plist; sourceTree = "<group>"; };
		A134BC8F287DC3220028B251 /* Basic.xcconfig */ = {isa = PBXFileReference; lastKnownFileType = text.xcconfig; path = Basic.xcconfig; sourceTree = "<group>"; };
		A145259F287DB6B000FEC177 /* README.md */ = {isa = PBXFileReference; lastKnownFileType = net.daringfireball.markdown; path = README.md; sourceTree = "<group>"; };
		A14BDE0A28BA452E00EA7B69 /* LaunchScreen.swift */ = {isa = PBXFileReference; lastKnownFileType = sourcecode.swift; path = LaunchScreen.swift; sourceTree = "<group>"; };
		A154449B28AA56D900D452EC /* MockBreedService.swift */ = {isa = PBXFileReference; lastKnownFileType = sourcecode.swift; path = MockBreedService.swift; sourceTree = "<group>"; };
		A1584ADE287EF150008AF229 /* SearchBar.swift */ = {isa = PBXFileReference; lastKnownFileType = sourcecode.swift; path = SearchBar.swift; sourceTree = "<group>"; };
		A1584AE3287EF85B008AF229 /* BreedDetailView.swift */ = {isa = PBXFileReference; lastKnownFileType = sourcecode.swift; path = BreedDetailView.swift; sourceTree = "<group>"; };
		A1584AE5287F058A008AF229 /* BaseViewFrame.swift */ = {isa = PBXFileReference; lastKnownFileType = sourcecode.swift; path = BaseViewFrame.swift; sourceTree = "<group>"; };
		A1584AE7287F131C008AF229 /* TabBarItems.swift */ = {isa = PBXFileReference; lastKnownFileType = sourcecode.swift; path = TabBarItems.swift; sourceTree = "<group>"; };
		A15A138A28A78085001309E4 /* TestDiskCacheManagerTesting.swift */ = {isa = PBXFileReference; lastKnownFileType = sourcecode.swift; path = TestDiskCacheManagerTesting.swift; sourceTree = "<group>"; };
		A15E5F0028B9D4B200104FCB /* TestSearchImageViewModelTesting.swift */ = {isa = PBXFileReference; lastKnownFileType = sourcecode.swift; path = TestSearchImageViewModelTesting.swift; sourceTree = "<group>"; };
		A16C70BF28AA380900273BDA /* Const.swift */ = {isa = PBXFileReference; lastKnownFileType = sourcecode.swift; path = Const.swift; sourceTree = "<group>"; };
		A16C70C728AA4A7700273BDA /* TestBreedServiceTesting.swift */ = {isa = PBXFileReference; lastKnownFileType = sourcecode.swift; path = TestBreedServiceTesting.swift; sourceTree = "<group>"; };
		A17162F128883D01004CC2AF /* HomeView.swift */ = {isa = PBXFileReference; lastKnownFileType = sourcecode.swift; path = HomeView.swift; sourceTree = "<group>"; };
		A17162F628884718004CC2AF /* HomeViewModel.swift */ = {isa = PBXFileReference; lastKnownFileType = sourcecode.swift; path = HomeViewModel.swift; sourceTree = "<group>"; };
		A17162F928885D28004CC2AF /* BreedRes.swift */ = {isa = PBXFileReference; lastKnownFileType = sourcecode.swift; path = BreedRes.swift; sourceTree = "<group>"; };
		A17162FB28885D57004CC2AF /* VoteRes.swift */ = {isa = PBXFileReference; lastKnownFileType = sourcecode.swift; path = VoteRes.swift; sourceTree = "<group>"; };
		A17162FD28885E29004CC2AF /* ImageRes.swift */ = {isa = PBXFileReference; lastKnownFileType = sourcecode.swift; path = ImageRes.swift; sourceTree = "<group>"; };
		A17162FF28885E65004CC2AF /* FactRes.swift */ = {isa = PBXFileReference; lastKnownFileType = sourcecode.swift; path = FactRes.swift; sourceTree = "<group>"; };
		A171630128885EC0004CC2AF /* FavouriteRes.swift */ = {isa = PBXFileReference; lastKnownFileType = sourcecode.swift; path = FavouriteRes.swift; sourceTree = "<group>"; };
		A171630328886004004CC2AF /* BreedModel.swift */ = {isa = PBXFileReference; lastKnownFileType = sourcecode.swift; path = BreedModel.swift; sourceTree = "<group>"; };
		A17C461A287B2440005B6E07 /* RequestBuilder.swift */ = {isa = PBXFileReference; lastKnownFileType = sourcecode.swift; path = RequestBuilder.swift; sourceTree = "<group>"; };
		A17F4D2D2886EFC6009A68BF /* AsyncImgView.swift */ = {isa = PBXFileReference; lastKnownFileType = sourcecode.swift; path = AsyncImgView.swift; sourceTree = "<group>"; };
		A17F4D302886F215009A68BF /* AsyncImgViewModel.swift */ = {isa = PBXFileReference; lastKnownFileType = sourcecode.swift; path = AsyncImgViewModel.swift; sourceTree = "<group>"; };
		A1819695287A785D00C6E7B8 /* FavouriteApi.swift */ = {isa = PBXFileReference; lastKnownFileType = sourcecode.swift; path = FavouriteApi.swift; sourceTree = "<group>"; };
		A1819697287A7B3800C6E7B8 /* FavouriteService.swift */ = {isa = PBXFileReference; lastKnownFileType = sourcecode.swift; path = FavouriteService.swift; sourceTree = "<group>"; };
		A1836343288B4D440070B862 /* DiskCache.swift */ = {isa = PBXFileReference; lastKnownFileType = sourcecode.swift; path = DiskCache.swift; sourceTree = "<group>"; };
		A18C175C2897FC6D00BC3909 /* UploadImageRes.swift */ = {isa = PBXFileReference; lastKnownFileType = sourcecode.swift; path = UploadImageRes.swift; sourceTree = "<group>"; };
		A190263528B1E00A00A77424 /* CommonError.swift */ = {isa = PBXFileReference; lastKnownFileType = sourcecode.swift; path = CommonError.swift; sourceTree = "<group>"; };
		A190263828B1E08300A77424 /* TestFavouriteServiceTesting.swift */ = {isa = PBXFileReference; lastKnownFileType = sourcecode.swift; path = TestFavouriteServiceTesting.swift; sourceTree = "<group>"; };
		A190263A28B1E0AB00A77424 /* MockFavouriteService.swift */ = {isa = PBXFileReference; lastKnownFileType = sourcecode.swift; path = MockFavouriteService.swift; sourceTree = "<group>"; };
		A190263D28B1F08C00A77424 /* MockImageService.swift */ = {isa = PBXFileReference; lastKnownFileType = sourcecode.swift; path = MockImageService.swift; sourceTree = "<group>"; };
		A190263F28B1F12600A77424 /* TestImagesServiceTesting.swift */ = {isa = PBXFileReference; lastKnownFileType = sourcecode.swift; path = TestImagesServiceTesting.swift; sourceTree = "<group>"; };
		A1973FCB28A15C3500B90093 /* BaseService.swift */ = {isa = PBXFileReference; lastKnownFileType = sourcecode.swift; path = BaseService.swift; sourceTree = "<group>"; };
		A197894F2879FA1600EDB501 /* BreedView.swift */ = {isa = PBXFileReference; lastKnownFileType = sourcecode.swift; path = BreedView.swift; sourceTree = "<group>"; };
		A19789512879FA4700EDB501 /* BreedViewModel.swift */ = {isa = PBXFileReference; lastKnownFileType = sourcecode.swift; path = BreedViewModel.swift; sourceTree = "<group>"; };
		A19789542879FE7100EDB501 /* SearchView.swift */ = {isa = PBXFileReference; lastKnownFileType = sourcecode.swift; path = SearchView.swift; sourceTree = "<group>"; };
		A19789562879FE7E00EDB501 /* SearchViewModel.swift */ = {isa = PBXFileReference; lastKnownFileType = sourcecode.swift; path = SearchViewModel.swift; sourceTree = "<group>"; };
		A197895B2879FF7A00EDB501 /* ImagesService.swift */ = {isa = PBXFileReference; lastKnownFileType = sourcecode.swift; path = ImagesService.swift; sourceTree = "<group>"; };
		A197895D2879FF8400EDB501 /* ImagesApi.swift */ = {isa = PBXFileReference; lastKnownFileType = sourcecode.swift; path = ImagesApi.swift; sourceTree = "<group>"; };
		A1A086C8287C30B90021C4D3 /* URL+extension.swift */ = {isa = PBXFileReference; lastKnownFileType = sourcecode.swift; path = "URL+extension.swift"; sourceTree = "<group>"; };
		A1A086CA287C30D70021C4D3 /* HttpMethod.swift */ = {isa = PBXFileReference; lastKnownFileType = sourcecode.swift; path = HttpMethod.swift; sourceTree = "<group>"; };
		A1A89C192880B11000FE3DBC /* Labels.swift */ = {isa = PBXFileReference; lastKnownFileType = sourcecode.swift; path = Labels.swift; sourceTree = "<group>"; };
		A1A92BAC2885B3310091EBEA /* CatWikiView.swift */ = {isa = PBXFileReference; lastKnownFileType = sourcecode.swift; path = CatWikiView.swift; sourceTree = "<group>"; };
		A1ACAC532889D78500B6A788 /* CreateVoteRes.swift */ = {isa = PBXFileReference; lastKnownFileType = sourcecode.swift; path = CreateVoteRes.swift; sourceTree = "<group>"; };
		A1ACAC552889D7D100B6A788 /* DeleteVoteRes.swift */ = {isa = PBXFileReference; lastKnownFileType = sourcecode.swift; path = DeleteVoteRes.swift; sourceTree = "<group>"; };
		A1ACAC572889DFE100B6A788 /* DeleteFavouriteRes.swift */ = {isa = PBXFileReference; lastKnownFileType = sourcecode.swift; path = DeleteFavouriteRes.swift; sourceTree = "<group>"; };
		A1ACAC592889E55400B6A788 /* ImagesReq.swift */ = {isa = PBXFileReference; lastKnownFileType = sourcecode.swift; path = ImagesReq.swift; sourceTree = "<group>"; };
		A1ACAC5B2889E62200B6A788 /* UploadImageReq.swift */ = {isa = PBXFileReference; lastKnownFileType = sourcecode.swift; path = UploadImageReq.swift; sourceTree = "<group>"; };
		A1ACAC5E2889E6A000B6A788 /* GetUploadImagesReq.swift */ = {isa = PBXFileReference; lastKnownFileType = sourcecode.swift; path = GetUploadImagesReq.swift; sourceTree = "<group>"; };
		A1ACAC692889E8A800B6A788 /* SourceRes.swift */ = {isa = PBXFileReference; lastKnownFileType = sourcecode.swift; path = SourceRes.swift; sourceTree = "<group>"; };
		A1ACAC6D2889E95B00B6A788 /* SponsorRes.swift */ = {isa = PBXFileReference; lastKnownFileType = sourcecode.swift; path = SponsorRes.swift; sourceTree = "<group>"; };
		A1ACAC6F2889E9E000B6A788 /* ImageAnalysisRes.swift */ = {isa = PBXFileReference; lastKnownFileType = sourcecode.swift; path = ImageAnalysisRes.swift; sourceTree = "<group>"; };
		A1ACAC722889EB3600B6A788 /* BreedReq.swift */ = {isa = PBXFileReference; lastKnownFileType = sourcecode.swift; path = BreedReq.swift; sourceTree = "<group>"; };
		A1ACAC742889EBD600B6A788 /* BreedsReq.swift */ = {isa = PBXFileReference; lastKnownFileType = sourcecode.swift; path = BreedsReq.swift; sourceTree = "<group>"; };
		A1ACAC772889EC5300B6A788 /* CategoryListReq.swift */ = {isa = PBXFileReference; lastKnownFileType = sourcecode.swift; path = CategoryListReq.swift; sourceTree = "<group>"; };
		A1B70F8428834007002B4F26 /* ImagePicker.swift */ = {isa = PBXFileReference; lastKnownFileType = sourcecode.swift; path = ImagePicker.swift; sourceTree = "<group>"; };
		A1B8AEE82878560A000D16DE /* Cats.app */ = {isa = PBXFileReference; explicitFileType = wrapper.application; includeInIndex = 0; path = Cats.app; sourceTree = BUILT_PRODUCTS_DIR; };
		A1B8AEEB2878560A000D16DE /* CatsApp.swift */ = {isa = PBXFileReference; lastKnownFileType = sourcecode.swift; path = CatsApp.swift; sourceTree = "<group>"; };
		A1B8AEEF2878560B000D16DE /* Assets.xcassets */ = {isa = PBXFileReference; lastKnownFileType = folder.assetcatalog; path = Assets.xcassets; sourceTree = "<group>"; };
		A1B8AEF22878560B000D16DE /* Preview Assets.xcassets */ = {isa = PBXFileReference; lastKnownFileType = folder.assetcatalog; path = "Preview Assets.xcassets"; sourceTree = "<group>"; };
		A1B8AF1528785648000D16DE /* MainView.swift */ = {isa = PBXFileReference; lastKnownFileType = sourcecode.swift; path = MainView.swift; sourceTree = "<group>"; };
		A1BA670628B644B200ECFEE4 /* TestBreedViewModelTesting.swift */ = {isa = PBXFileReference; lastKnownFileType = sourcecode.swift; path = TestBreedViewModelTesting.swift; sourceTree = "<group>"; };
		A1BF170D28967B8F0077AB1E /* MultipleTypes.swift */ = {isa = PBXFileReference; lastKnownFileType = sourcecode.swift; path = MultipleTypes.swift; sourceTree = "<group>"; };
		A1BF170F28968E4B0077AB1E /* FavouriteModel.swift */ = {isa = PBXFileReference; lastKnownFileType = sourcecode.swift; path = FavouriteModel.swift; sourceTree = "<group>"; };
		A1C2CB1F2882E83F008CFFD2 /* UploadView.swift */ = {isa = PBXFileReference; lastKnownFileType = sourcecode.swift; path = UploadView.swift; sourceTree = "<group>"; };
		A1C2CB212882E846008CFFD2 /* UploadViewModel.swift */ = {isa = PBXFileReference; lastKnownFileType = sourcecode.swift; path = UploadViewModel.swift; sourceTree = "<group>"; };
		A1C9331028A72960002B2A67 /* TestBreedApiTesting.swift */ = {isa = PBXFileReference; lastKnownFileType = sourcecode.swift; path = TestBreedApiTesting.swift; sourceTree = "<group>"; };
		A1C9331428A72F3B002B2A67 /* TestImageApiTesting.swift */ = {isa = PBXFileReference; lastKnownFileType = sourcecode.swift; path = TestImageApiTesting.swift; sourceTree = "<group>"; };
		A1CDFD9128A91EEF00FF50A9 /* TestUserPreferenceCacheTesting.swift */ = {isa = PBXFileReference; lastKnownFileType = sourcecode.swift; path = TestUserPreferenceCacheTesting.swift; sourceTree = "<group>"; };
		A1CDFD9328A9389B00FF50A9 /* UserPreferenceCache.swift */ = {isa = PBXFileReference; lastKnownFileType = sourcecode.swift; path = UserPreferenceCache.swift; sourceTree = "<group>"; };
		A1E1F00528B79079003435D3 /* TestHomeViewModelTesting.swift */ = {isa = PBXFileReference; lastKnownFileType = sourcecode.swift; path = TestHomeViewModelTesting.swift; sourceTree = "<group>"; };
		A1E5BF5128A17D4C0087C28C /* CatsTests.xctest */ = {isa = PBXFileReference; explicitFileType = wrapper.cfbundle; includeInIndex = 0; path = CatsTests.xctest; sourceTree = BUILT_PRODUCTS_DIR; };
		A1E5BF5328A17D4C0087C28C /* CatsTests.swift */ = {isa = PBXFileReference; lastKnownFileType = sourcecode.swift; path = CatsTests.swift; sourceTree = "<group>"; };
		A1E5BF5A28A17D6C0087C28C /* TestingRequestBuilderTest.swift */ = {isa = PBXFileReference; lastKnownFileType = sourcecode.swift; path = TestingRequestBuilderTest.swift; sourceTree = "<group>"; };
		A1E6F42628A6E3FC00C06B81 /* BaseApiProtocol.swift */ = {isa = PBXFileReference; lastKnownFileType = sourcecode.swift; path = BaseApiProtocol.swift; sourceTree = "<group>"; };
		A1E6F42828A6FC9600C06B81 /* TestingBaseRequestBuilderTest.swift */ = {isa = PBXFileReference; lastKnownFileType = sourcecode.swift; path = TestingBaseRequestBuilderTest.swift; sourceTree = "<group>"; };
		A1E6F42B28A70D5900C06B81 /* TestBaseApi.swift */ = {isa = PBXFileReference; lastKnownFileType = sourcecode.swift; path = TestBaseApi.swift; sourceTree = "<group>"; };
		A1EDFF0E28A76C9C00A76C45 /* TestFavouriteApiTesting.swift */ = {isa = PBXFileReference; lastKnownFileType = sourcecode.swift; path = TestFavouriteApiTesting.swift; sourceTree = "<group>"; };
		A1EDFF1828A7755900A76C45 /* TestCacheManagerTesting.swift */ = {isa = PBXFileReference; lastKnownFileType = sourcecode.swift; path = TestCacheManagerTesting.swift; sourceTree = "<group>"; };
		A1F3375228786D3C0023961C /* Resources.swift */ = {isa = PBXFileReference; lastKnownFileType = sourcecode.swift; path = Resources.swift; sourceTree = "<group>"; };
		A1F3CBDC2878F67B00710A35 /* CategoryRes.swift */ = {isa = PBXFileReference; lastKnownFileType = sourcecode.swift; path = CategoryRes.swift; sourceTree = "<group>"; };
		A1F57F082883B2D100D01E30 /* CacheManager.swift */ = {isa = PBXFileReference; lastKnownFileType = sourcecode.swift; path = CacheManager.swift; sourceTree = "<group>"; };
		A1F80FC32895C686009C21C8 /* SaveFavouriteRes.swift */ = {isa = PBXFileReference; lastKnownFileType = sourcecode.swift; path = SaveFavouriteRes.swift; sourceTree = "<group>"; };
		A1F80FC62895C846009C21C8 /* SaveFavouriteImageReq.swift */ = {isa = PBXFileReference; lastKnownFileType = sourcecode.swift; path = SaveFavouriteImageReq.swift; sourceTree = "<group>"; };
		A1F80FC82895CDEE009C21C8 /* ImageModel.swift */ = {isa = PBXFileReference; lastKnownFileType = sourcecode.swift; path = ImageModel.swift; sourceTree = "<group>"; };
/* End PBXFileReference section */

/* Begin PBXFrameworksBuildPhase section */
		A1B8AEE52878560A000D16DE /* Frameworks */ = {
			isa = PBXFrameworksBuildPhase;
			buildActionMask = 2147483647;
			files = (
			);
			runOnlyForDeploymentPostprocessing = 0;
		};
		A1E5BF4E28A17D4C0087C28C /* Frameworks */ = {
			isa = PBXFrameworksBuildPhase;
			buildActionMask = 2147483647;
			files = (
			);
			runOnlyForDeploymentPostprocessing = 0;
		};
/* End PBXFrameworksBuildPhase section */

/* Begin PBXGroup section */
		A11E0CEC288EB80200635594 /* Settings */ = {
			isa = PBXGroup;
			children = (
				A11E0CED288EB80D00635594 /* SettingsView.swift */,
				A11E0CEF288EB81400635594 /* SettingsViewModel.swift */,
			);
			path = Settings;
			sourceTree = "<group>";
		};
		A126C9D328794C7300CF3CD7 /* api+services */ = {
			isa = PBXGroup;
			children = (
				A1973FCA28A15C2700B90093 /* base */,
				A19EE58A28819F6B00C161AC /* Errors */,
				A126C9D7287953E000CF3CD7 /* services */,
				A126C9D6287953DC00CF3CD7 /* api */,
			);
			path = "api+services";
			sourceTree = "<group>";
		};
		A126C9D6287953DC00CF3CD7 /* api */ = {
			isa = PBXGroup;
			children = (
				A1EDFF0C28A76C7E00A76C45 /* favourite */,
				A1EDFF0B28A7627E00A76C45 /* images */,
				A1C9331228A72E77002B2A67 /* breed */,
				A1E6F42628A6E3FC00C06B81 /* BaseApiProtocol.swift */,
			);
			path = api;
			sourceTree = "<group>";
		};
		A126C9D7287953E000CF3CD7 /* services */ = {
			isa = PBXGroup;
			children = (
				A126C9DA2879578800CF3CD7 /* BreedService.swift */,
				A1819697287A7B3800C6E7B8 /* FavouriteService.swift */,
				A197895B2879FF7A00EDB501 /* ImagesService.swift */,
			);
			path = services;
			sourceTree = "<group>";
		};
		A126C9DE2879584200CF3CD7 /* Utils */ = {
			isa = PBXGroup;
			children = (
				A17C461A287B2440005B6E07 /* RequestBuilder.swift */,
				A1A086C8287C30B90021C4D3 /* URL+extension.swift */,
				A1A086CA287C30D70021C4D3 /* HttpMethod.swift */,
			);
			path = Utils;
			sourceTree = "<group>";
		};
		A12705492879B71F001B0A74 /* base */ = {
			isa = PBXGroup;
			children = (
				A127054A2879B727001B0A74 /* BaseViewModel.swift */,
				A1584AE5287F058A008AF229 /* BaseViewFrame.swift */,
			);
			path = base;
			sourceTree = "<group>";
		};
		A145259B287DAC4B00FEC177 /* response */ = {
			isa = PBXGroup;
			children = (
				A1ACAC682889E7D900B6A788 /* Vote */,
				A1ACAC672889E7D200B6A788 /* Sponsor */,
				A1ACAC662889E7CF00B6A788 /* Source */,
				A1ACAC652889E7C600B6A788 /* ImageAnalysis */,
				A1ACAC642889E7C300B6A788 /* Image */,
				A1ACAC632889E7BD00B6A788 /* Favourite */,
				A1ACAC622889E7B800B6A788 /* Fact */,
				A1ACAC612889E7B300B6A788 /* Category */,
				A1ACAC602889E7AE00B6A788 /* Breed */,
			);
			path = response;
			sourceTree = "<group>";
		};
		A14BDE0928BA451D00EA7B69 /* LaunchScreen */ = {
			isa = PBXGroup;
			children = (
				A14BDE0A28BA452E00EA7B69 /* LaunchScreen.swift */,
			);
			path = LaunchScreen;
			sourceTree = "<group>";
		};
		A1584ADD287EF140008AF229 /* custom */ = {
			isa = PBXGroup;
			children = (
				A14BDE0928BA451D00EA7B69 /* LaunchScreen */,
				A1A92BAC2885B3310091EBEA /* CatWikiView.swift */,
				A1B70F8428834007002B4F26 /* ImagePicker.swift */,
				A1A89C192880B11000FE3DBC /* Labels.swift */,
				A1584ADE287EF150008AF229 /* SearchBar.swift */,
				A1584AE7287F131C008AF229 /* TabBarItems.swift */,
				A12951652899AE1C00E6AD97 /* CameraView.swift */,
			);
			path = custom;
			sourceTree = "<group>";
		};
		A1584AE0287EF832008AF229 /* SubViews */ = {
			isa = PBXGroup;
			children = (
				A17F4D2F2886F1CD009A68BF /* AsyncImgView */,
				A1584AE2287EF84B008AF229 /* BreedView */,
			);
			path = SubViews;
			sourceTree = "<group>";
		};
		A1584AE2287EF84B008AF229 /* BreedView */ = {
			isa = PBXGroup;
			children = (
				A1584AE3287EF85B008AF229 /* BreedDetailView.swift */,
			);
			path = BreedView;
			sourceTree = "<group>";
		};
		A16C70C628AA495E00273BDA /* service */ = {
			isa = PBXGroup;
			children = (
				A190263C28B1F07A00A77424 /* images */,
				A190263728B1E06600A77424 /* favourite */,
				A1C032D628AA4E2B002FD02E /* breed */,
			);
			path = service;
			sourceTree = "<group>";
		};
		A17162F028883CEF004CC2AF /* HomeView */ = {
			isa = PBXGroup;
			children = (
				A17162F128883D01004CC2AF /* HomeView.swift */,
				A17162F628884718004CC2AF /* HomeViewModel.swift */,
			);
			path = HomeView;
			sourceTree = "<group>";
		};
		A17162F828884CB5004CC2AF /* views */ = {
			isa = PBXGroup;
			children = (
				A171630328886004004CC2AF /* BreedModel.swift */,
				A1F80FC82895CDEE009C21C8 /* ImageModel.swift */,
				A1BF170F28968E4B0077AB1E /* FavouriteModel.swift */,
			);
			path = views;
			sourceTree = "<group>";
		};
		A17F4D2F2886F1CD009A68BF /* AsyncImgView */ = {
			isa = PBXGroup;
			children = (
				A17F4D2D2886EFC6009A68BF /* AsyncImgView.swift */,
				A17F4D302886F215009A68BF /* AsyncImgViewModel.swift */,
			);
			path = AsyncImgView;
			sourceTree = "<group>";
		};
		A181969D287A92BD00C6E7B8 /* request */ = {
			isa = PBXGroup;
			children = (
				A1ACAC712889EB2000B6A788 /* Breeds */,
				A1ACAC762889EC4200B6A788 /* Categories */,
				A1F80FC52895C833009C21C8 /* Favourite */,
				A1ACAC5D2889E67500B6A788 /* Images */,
			);
			path = request;
			sourceTree = "<group>";
		};
		A190263728B1E06600A77424 /* favourite */ = {
			isa = PBXGroup;
			children = (
				A190263828B1E08300A77424 /* TestFavouriteServiceTesting.swift */,
				A190263A28B1E0AB00A77424 /* MockFavouriteService.swift */,
			);
			path = favourite;
			sourceTree = "<group>";
		};
		A190263C28B1F07A00A77424 /* images */ = {
			isa = PBXGroup;
			children = (
				A190263D28B1F08C00A77424 /* MockImageService.swift */,
				A190263F28B1F12600A77424 /* TestImagesServiceTesting.swift */,
			);
			path = images;
			sourceTree = "<group>";
		};
		A1973FCA28A15C2700B90093 /* base */ = {
			isa = PBXGroup;
			children = (
				A1973FCB28A15C3500B90093 /* BaseService.swift */,
				A108AD14288BAC4E00682532 /* ServiceConst.swift */,
			);
			path = base;
			sourceTree = "<group>";
		};
		A197894E2879FA0600EDB501 /* BreedView */ = {
			isa = PBXGroup;
			children = (
				A197894F2879FA1600EDB501 /* BreedView.swift */,
				A19789512879FA4700EDB501 /* BreedViewModel.swift */,
			);
			path = BreedView;
			sourceTree = "<group>";
		};
		A19789532879FE4D00EDB501 /* SerachView */ = {
			isa = PBXGroup;
			children = (
				A19789542879FE7100EDB501 /* SearchView.swift */,
				A19789562879FE7E00EDB501 /* SearchViewModel.swift */,
			);
			path = SerachView;
			sourceTree = "<group>";
		};
		A19EE58728819AD600C161AC /* cache */ = {
			isa = PBXGroup;
			children = (
				A1F57F082883B2D100D01E30 /* CacheManager.swift */,
				A1836343288B4D440070B862 /* DiskCache.swift */,
				A1CDFD9328A9389B00FF50A9 /* UserPreferenceCache.swift */,
			);
			path = cache;
			sourceTree = "<group>";
		};
		A19EE58A28819F6B00C161AC /* Errors */ = {
			isa = PBXGroup;
			children = (
				A190263528B1E00A00A77424 /* CommonError.swift */,
			);
			path = Errors;
			sourceTree = "<group>";
		};
		A1ACAC5D2889E67500B6A788 /* Images */ = {
			isa = PBXGroup;
			children = (
				A1ACAC592889E55400B6A788 /* ImagesReq.swift */,
				A1ACAC5B2889E62200B6A788 /* UploadImageReq.swift */,
				A1ACAC5E2889E6A000B6A788 /* GetUploadImagesReq.swift */,
			);
			path = Images;
			sourceTree = "<group>";
		};
		A1ACAC602889E7AE00B6A788 /* Breed */ = {
			isa = PBXGroup;
			children = (
				A17162F928885D28004CC2AF /* BreedRes.swift */,
			);
			path = Breed;
			sourceTree = "<group>";
		};
		A1ACAC612889E7B300B6A788 /* Category */ = {
			isa = PBXGroup;
			children = (
				A1F3CBDC2878F67B00710A35 /* CategoryRes.swift */,
			);
			path = Category;
			sourceTree = "<group>";
		};
		A1ACAC622889E7B800B6A788 /* Fact */ = {
			isa = PBXGroup;
			children = (
				A17162FF28885E65004CC2AF /* FactRes.swift */,
			);
			path = Fact;
			sourceTree = "<group>";
		};
		A1ACAC632889E7BD00B6A788 /* Favourite */ = {
			isa = PBXGroup;
			children = (
				A1ACAC572889DFE100B6A788 /* DeleteFavouriteRes.swift */,
				A171630128885EC0004CC2AF /* FavouriteRes.swift */,
				A1F80FC32895C686009C21C8 /* SaveFavouriteRes.swift */,
			);
			path = Favourite;
			sourceTree = "<group>";
		};
		A1ACAC642889E7C300B6A788 /* Image */ = {
			isa = PBXGroup;
			children = (
				A17162FD28885E29004CC2AF /* ImageRes.swift */,
				A18C175C2897FC6D00BC3909 /* UploadImageRes.swift */,
			);
			path = Image;
			sourceTree = "<group>";
		};
		A1ACAC652889E7C600B6A788 /* ImageAnalysis */ = {
			isa = PBXGroup;
			children = (
				A1ACAC6F2889E9E000B6A788 /* ImageAnalysisRes.swift */,
			);
			path = ImageAnalysis;
			sourceTree = "<group>";
		};
		A1ACAC662889E7CF00B6A788 /* Source */ = {
			isa = PBXGroup;
			children = (
				A1ACAC692889E8A800B6A788 /* SourceRes.swift */,
			);
			path = Source;
			sourceTree = "<group>";
		};
		A1ACAC672889E7D200B6A788 /* Sponsor */ = {
			isa = PBXGroup;
			children = (
				A1ACAC6D2889E95B00B6A788 /* SponsorRes.swift */,
			);
			path = Sponsor;
			sourceTree = "<group>";
		};
		A1ACAC682889E7D900B6A788 /* Vote */ = {
			isa = PBXGroup;
			children = (
				A1ACAC532889D78500B6A788 /* CreateVoteRes.swift */,
				A1ACAC552889D7D100B6A788 /* DeleteVoteRes.swift */,
				A17162FB28885D57004CC2AF /* VoteRes.swift */,
			);
			path = Vote;
			sourceTree = "<group>";
		};
		A1ACAC712889EB2000B6A788 /* Breeds */ = {
			isa = PBXGroup;
			children = (
				A1ACAC722889EB3600B6A788 /* BreedReq.swift */,
				A1ACAC742889EBD600B6A788 /* BreedsReq.swift */,
			);
			path = Breeds;
			sourceTree = "<group>";
		};
		A1ACAC762889EC4200B6A788 /* Categories */ = {
			isa = PBXGroup;
			children = (
				A1ACAC772889EC5300B6A788 /* CategoryListReq.swift */,
			);
			path = Categories;
			sourceTree = "<group>";
		};
		A1B8AEDF2878560A000D16DE = {
			isa = PBXGroup;
			children = (
				A145259F287DB6B000FEC177 /* README.md */,
				A1B8AEEA2878560A000D16DE /* Cats */,
				A1E5BF5228A17D4C0087C28C /* CatsTests */,
				A1B8AEE92878560A000D16DE /* Products */,
			);
			sourceTree = "<group>";
		};
		A1B8AEE92878560A000D16DE /* Products */ = {
			isa = PBXGroup;
			children = (
				A1B8AEE82878560A000D16DE /* Cats.app */,
				A1E5BF5128A17D4C0087C28C /* CatsTests.xctest */,
			);
			name = Products;
			sourceTree = "<group>";
		};
		A1B8AEEA2878560A000D16DE /* Cats */ = {
			isa = PBXGroup;
			children = (
				A134BC8E287DC1640028B251 /* Info.plist */,
				A126C9DE2879584200CF3CD7 /* Utils */,
				A1F3374928786AE50023961C /* app */,
				A1B8AEEF2878560B000D16DE /* Assets.xcassets */,
				A134BC8F287DC3220028B251 /* Basic.xcconfig */,
				A1B8AEEB2878560A000D16DE /* CatsApp.swift */,
				A1F3375228786D3C0023961C /* Resources.swift */,
				A1B8AEF12878560B000D16DE /* Preview Content */,
			);
			path = Cats;
			sourceTree = "<group>";
		};
		A1B8AEF12878560B000D16DE /* Preview Content */ = {
			isa = PBXGroup;
			children = (
				A1B8AEF22878560B000D16DE /* Preview Assets.xcassets */,
			);
			path = "Preview Content";
			sourceTree = "<group>";
		};
		A1BA670528B6447300ECFEE4 /* ViewModels */ = {
			isa = PBXGroup;
			children = (
				A1BA670628B644B200ECFEE4 /* TestBreedViewModelTesting.swift */,
				A1E1F00528B79079003435D3 /* TestHomeViewModelTesting.swift */,
				A10EEDB728B942C100E8B1CB /* TestSettingsViewModelTesting.swift */,
				A15E5F0028B9D4B200104FCB /* TestSearchImageViewModelTesting.swift */,
			);
			path = ViewModels;
			sourceTree = "<group>";
		};
		A1C032D628AA4E2B002FD02E /* breed */ = {
			isa = PBXGroup;
			children = (
				A16C70C728AA4A7700273BDA /* TestBreedServiceTesting.swift */,
				A154449B28AA56D900D452EC /* MockBreedService.swift */,
			);
			path = breed;
			sourceTree = "<group>";
		};
		A1C2CB1D2882E82A008CFFD2 /* upload */ = {
			isa = PBXGroup;
			children = (
				A1C2CB1F2882E83F008CFFD2 /* UploadView.swift */,
				A1C2CB212882E846008CFFD2 /* UploadViewModel.swift */,
			);
			path = upload;
			sourceTree = "<group>";
		};
		A1C9331228A72E77002B2A67 /* breed */ = {
			isa = PBXGroup;
			children = (
				A126C9D82879576C00CF3CD7 /* BreedApi.swift */,
			);
			path = breed;
			sourceTree = "<group>";
		};
		A1C9331328A72F14002B2A67 /* images */ = {
			isa = PBXGroup;
			children = (
				A1C9331428A72F3B002B2A67 /* TestImageApiTesting.swift */,
			);
			path = images;
			sourceTree = "<group>";
		};
		A1E5BF5228A17D4C0087C28C /* CatsTests */ = {
			isa = PBXGroup;
			children = (
				A1BA670528B6447300ECFEE4 /* ViewModels */,
				A1EDFF1728A774BB00A76C45 /* cache */,
				A1F70DC528A17FEA00AB0DE9 /* api+services */,
				A1F70DC428A17FE300AB0DE9 /* Util */,
				A1E5BF5328A17D4C0087C28C /* CatsTests.swift */,
			);
			path = CatsTests;
			sourceTree = "<group>";
		};
		A1E6F42A28A70D4000C06B81 /* breeds */ = {
			isa = PBXGroup;
			children = (
				A1C9331028A72960002B2A67 /* TestBreedApiTesting.swift */,
			);
			path = breeds;
			sourceTree = "<group>";
		};
		A1EDFF0B28A7627E00A76C45 /* images */ = {
			isa = PBXGroup;
			children = (
				A197895D2879FF8400EDB501 /* ImagesApi.swift */,
			);
			path = images;
			sourceTree = "<group>";
		};
		A1EDFF0C28A76C7E00A76C45 /* favourite */ = {
			isa = PBXGroup;
			children = (
				A1819695287A785D00C6E7B8 /* FavouriteApi.swift */,
			);
			path = favourite;
			sourceTree = "<group>";
		};
		A1EDFF0D28A76C8A00A76C45 /* favourite */ = {
			isa = PBXGroup;
			children = (
				A1EDFF0E28A76C9C00A76C45 /* TestFavouriteApiTesting.swift */,
			);
			path = favourite;
			sourceTree = "<group>";
		};
		A1EDFF1028A771BF00A76C45 /* api */ = {
			isa = PBXGroup;
			children = (
				A1E6F42B28A70D5900C06B81 /* TestBaseApi.swift */,
				A1EDFF0D28A76C8A00A76C45 /* favourite */,
				A1C9331328A72F14002B2A67 /* images */,
				A1E6F42A28A70D4000C06B81 /* breeds */,
			);
			path = api;
			sourceTree = "<group>";
		};
		A1EDFF1728A774BB00A76C45 /* cache */ = {
			isa = PBXGroup;
			children = (
				A1EDFF1828A7755900A76C45 /* TestCacheManagerTesting.swift */,
				A15A138A28A78085001309E4 /* TestDiskCacheManagerTesting.swift */,
				A1CDFD9128A91EEF00FF50A9 /* TestUserPreferenceCacheTesting.swift */,
			);
			path = cache;
			sourceTree = "<group>";
		};
		A1F3374928786AE50023961C /* app */ = {
			isa = PBXGroup;
			children = (
				A19EE58728819AD600C161AC /* cache */,
				A126C9D328794C7300CF3CD7 /* api+services */,
				A1F3CBDB2878F63500710A35 /* models */,
				A1F3374A28786AE70023961C /* ui */,
			);
			path = app;
			sourceTree = "<group>";
		};
		A1F3374A28786AE70023961C /* ui */ = {
			isa = PBXGroup;
			children = (
				A1584AE0287EF832008AF229 /* SubViews */,
				A1584ADD287EF140008AF229 /* custom */,
				A12705492879B71F001B0A74 /* base */,
				A11E0CEC288EB80200635594 /* Settings */,
				A17162F028883CEF004CC2AF /* HomeView */,
				A1C2CB1D2882E82A008CFFD2 /* upload */,
				A19789532879FE4D00EDB501 /* SerachView */,
				A197894E2879FA0600EDB501 /* BreedView */,
				A1B8AF1528785648000D16DE /* MainView.swift */,
			);
			path = ui;
			sourceTree = "<group>";
		};
		A1F3CBDB2878F63500710A35 /* models */ = {
			isa = PBXGroup;
			children = (
				A17162F828884CB5004CC2AF /* views */,
				A145259B287DAC4B00FEC177 /* response */,
				A181969D287A92BD00C6E7B8 /* request */,
				A1BF170D28967B8F0077AB1E /* MultipleTypes.swift */,
			);
			path = models;
			sourceTree = "<group>";
		};
		A1F70DC428A17FE300AB0DE9 /* Util */ = {
			isa = PBXGroup;
			children = (
				A1E5BF5A28A17D6C0087C28C /* TestingRequestBuilderTest.swift */,
				A16C70BF28AA380900273BDA /* Const.swift */,
				A10EEDB928B957A700E8B1CB /* KeysForTest.swift */,
			);
			path = Util;
			sourceTree = "<group>";
		};
		A1F70DC528A17FEA00AB0DE9 /* api+services */ = {
			isa = PBXGroup;
			children = (
				A16C70C628AA495E00273BDA /* service */,
				A1EDFF1028A771BF00A76C45 /* api */,
				A1E6F42828A6FC9600C06B81 /* TestingBaseRequestBuilderTest.swift */,
			);
			path = "api+services";
			sourceTree = "<group>";
		};
		A1F80FC52895C833009C21C8 /* Favourite */ = {
			isa = PBXGroup;
			children = (
				A1F80FC62895C846009C21C8 /* SaveFavouriteImageReq.swift */,
			);
			path = Favourite;
			sourceTree = "<group>";
		};
/* End PBXGroup section */

/* Begin PBXNativeTarget section */
		A1B8AEE72878560A000D16DE /* Cats */ = {
			isa = PBXNativeTarget;
			buildConfigurationList = A1B8AF0C2878560B000D16DE /* Build configuration list for PBXNativeTarget "Cats" */;
			buildPhases = (
				A1B8AEE42878560A000D16DE /* Sources */,
				A1B8AEE52878560A000D16DE /* Frameworks */,
				A1B8AEE62878560A000D16DE /* Resources */,
			);
			buildRules = (
			);
			dependencies = (
			);
			name = Cats;
			productName = Cats;
			productReference = A1B8AEE82878560A000D16DE /* Cats.app */;
			productType = "com.apple.product-type.application";
		};
		A1E5BF5028A17D4C0087C28C /* CatsTests */ = {
			isa = PBXNativeTarget;
			buildConfigurationList = A1E5BF5728A17D4C0087C28C /* Build configuration list for PBXNativeTarget "CatsTests" */;
			buildPhases = (
				A1E5BF4D28A17D4C0087C28C /* Sources */,
				A1E5BF4E28A17D4C0087C28C /* Frameworks */,
				A1E5BF4F28A17D4C0087C28C /* Resources */,
			);
			buildRules = (
			);
			dependencies = (
				A1E5BF5628A17D4C0087C28C /* PBXTargetDependency */,
			);
			name = CatsTests;
			productName = CatsTests;
			productReference = A1E5BF5128A17D4C0087C28C /* CatsTests.xctest */;
			productType = "com.apple.product-type.bundle.unit-test";
		};
/* End PBXNativeTarget section */

/* Begin PBXProject section */
		A1B8AEE02878560A000D16DE /* Project object */ = {
			isa = PBXProject;
			attributes = {
				BuildIndependentTargetsInParallel = 1;
				LastSwiftUpdateCheck = 1340;
				LastUpgradeCheck = 1340;
				TargetAttributes = {
					A1B8AEE72878560A000D16DE = {
						CreatedOnToolsVersion = 13.4.1;
					};
					A1E5BF5028A17D4C0087C28C = {
						CreatedOnToolsVersion = 13.4.1;
						TestTargetID = A1B8AEE72878560A000D16DE;
					};
				};
			};
			buildConfigurationList = A1B8AEE32878560A000D16DE /* Build configuration list for PBXProject "Cats" */;
			compatibilityVersion = "Xcode 13.0";
			developmentRegion = en;
			hasScannedForEncodings = 0;
			knownRegions = (
				en,
				Base,
			);
			mainGroup = A1B8AEDF2878560A000D16DE;
			productRefGroup = A1B8AEE92878560A000D16DE /* Products */;
			projectDirPath = "";
			projectRoot = "";
			targets = (
				A1B8AEE72878560A000D16DE /* Cats */,
				A1E5BF5028A17D4C0087C28C /* CatsTests */,
			);
		};
/* End PBXProject section */

/* Begin PBXResourcesBuildPhase section */
		A1B8AEE62878560A000D16DE /* Resources */ = {
			isa = PBXResourcesBuildPhase;
			buildActionMask = 2147483647;
			files = (
				A1B8AEF32878560B000D16DE /* Preview Assets.xcassets in Resources */,
				A1B8AEF02878560B000D16DE /* Assets.xcassets in Resources */,
			);
			runOnlyForDeploymentPostprocessing = 0;
		};
		A1E5BF4F28A17D4C0087C28C /* Resources */ = {
			isa = PBXResourcesBuildPhase;
			buildActionMask = 2147483647;
			files = (
			);
			runOnlyForDeploymentPostprocessing = 0;
		};
/* End PBXResourcesBuildPhase section */

/* Begin PBXSourcesBuildPhase section */
		A1B8AEE42878560A000D16DE /* Sources */ = {
			isa = PBXSourcesBuildPhase;
			buildActionMask = 2147483647;
			files = (
				A19789552879FE7100EDB501 /* SearchView.swift in Sources */,
				A1ACAC5C2889E62200B6A788 /* UploadImageReq.swift in Sources */,
				A14BDE0B28BA452E00EA7B69 /* LaunchScreen.swift in Sources */,
				A1819698287A7B3800C6E7B8 /* FavouriteService.swift in Sources */,
				A17162F728884718004CC2AF /* HomeViewModel.swift in Sources */,
				A19789502879FA1600EDB501 /* BreedView.swift in Sources */,
				A1B8AF1628785648000D16DE /* MainView.swift in Sources */,
				A1ACAC6E2889E95B00B6A788 /* SponsorRes.swift in Sources */,
				A1584AE6287F058A008AF229 /* BaseViewFrame.swift in Sources */,
				A1BF171028968E4B0077AB1E /* FavouriteModel.swift in Sources */,
				A17F4D2E2886EFC6009A68BF /* AsyncImgView.swift in Sources */,
				A1584AE8287F131C008AF229 /* TabBarItems.swift in Sources */,
				A1836344288B4D440070B862 /* DiskCache.swift in Sources */,
				A1A92BAD2885B3310091EBEA /* CatWikiView.swift in Sources */,
				A1C2CB202882E83F008CFFD2 /* UploadView.swift in Sources */,
				A1A086C9287C30B90021C4D3 /* URL+extension.swift in Sources */,
				A1ACAC752889EBD600B6A788 /* BreedsReq.swift in Sources */,
				A197895E2879FF8400EDB501 /* ImagesApi.swift in Sources */,
				A1ACAC582889DFE100B6A788 /* DeleteFavouriteRes.swift in Sources */,
				A17162FC28885D57004CC2AF /* VoteRes.swift in Sources */,
				A171630028885E65004CC2AF /* FactRes.swift in Sources */,
				A1F80FC72895C846009C21C8 /* SaveFavouriteImageReq.swift in Sources */,
				A1ACAC782889EC5300B6A788 /* CategoryListReq.swift in Sources */,
				A1ACAC5F2889E6A000B6A788 /* GetUploadImagesReq.swift in Sources */,
				A1A89C1A2880B11000FE3DBC /* Labels.swift in Sources */,
				A1A086CB287C30D70021C4D3 /* HttpMethod.swift in Sources */,
				A1ACAC5A2889E55400B6A788 /* ImagesReq.swift in Sources */,
				A108AD15288BAC4E00682532 /* ServiceConst.swift in Sources */,
				A1F80FC42895C686009C21C8 /* SaveFavouriteRes.swift in Sources */,
				A17162FA28885D28004CC2AF /* BreedRes.swift in Sources */,
				A19789572879FE7E00EDB501 /* SearchViewModel.swift in Sources */,
				A190263628B1E00A00A77424 /* CommonError.swift in Sources */,
				A1584ADF287EF150008AF229 /* SearchBar.swift in Sources */,
				A17162F228883D01004CC2AF /* HomeView.swift in Sources */,
				A1ACAC562889D7D100B6A788 /* DeleteVoteRes.swift in Sources */,
				A1584AE4287EF85B008AF229 /* BreedDetailView.swift in Sources */,
				A127054B2879B727001B0A74 /* BaseViewModel.swift in Sources */,
				A11E0CF0288EB81400635594 /* SettingsViewModel.swift in Sources */,
				A1819696287A785D00C6E7B8 /* FavouriteApi.swift in Sources */,
				A17F4D312886F215009A68BF /* AsyncImgViewModel.swift in Sources */,
				A1CDFD9428A9389B00FF50A9 /* UserPreferenceCache.swift in Sources */,
				A1F3375328786D3C0023961C /* Resources.swift in Sources */,
				A1F57F092883B2D100D01E30 /* CacheManager.swift in Sources */,
				A1ACAC6A2889E8A800B6A788 /* SourceRes.swift in Sources */,
				A1B70F8528834007002B4F26 /* ImagePicker.swift in Sources */,
				A126C9DB2879578800CF3CD7 /* BreedService.swift in Sources */,
				A11E0CEE288EB80D00635594 /* SettingsView.swift in Sources */,
				A1B8AEEC2878560A000D16DE /* CatsApp.swift in Sources */,
				A171630428886004004CC2AF /* BreedModel.swift in Sources */,
				A19789522879FA4700EDB501 /* BreedViewModel.swift in Sources */,
				A1ACAC702889E9E000B6A788 /* ImageAnalysisRes.swift in Sources */,
				A18C175D2897FC6D00BC3909 /* UploadImageRes.swift in Sources */,
				A1F80FC92895CDEE009C21C8 /* ImageModel.swift in Sources */,
				A1E6F42728A6E3FD00C06B81 /* BaseApiProtocol.swift in Sources */,
				A126C9D92879576C00CF3CD7 /* BreedApi.swift in Sources */,
				A1F3CBDD2878F67B00710A35 /* CategoryRes.swift in Sources */,
				A1C2CB222882E846008CFFD2 /* UploadViewModel.swift in Sources */,
				A1973FCC28A15C3500B90093 /* BaseService.swift in Sources */,
				A1BF170E28967B8F0077AB1E /* MultipleTypes.swift in Sources */,
				A171630228885EC0004CC2AF /* FavouriteRes.swift in Sources */,
				A1ACAC732889EB3600B6A788 /* BreedReq.swift in Sources */,
				A12951662899AE1C00E6AD97 /* CameraView.swift in Sources */,
				A1ACAC542889D78500B6A788 /* CreateVoteRes.swift in Sources */,
				A17162FE28885E29004CC2AF /* ImageRes.swift in Sources */,
				A17C461B287B2440005B6E07 /* RequestBuilder.swift in Sources */,
				A197895C2879FF7A00EDB501 /* ImagesService.swift in Sources */,
			);
			runOnlyForDeploymentPostprocessing = 0;
		};
		A1E5BF4D28A17D4C0087C28C /* Sources */ = {
			isa = PBXSourcesBuildPhase;
			buildActionMask = 2147483647;
			files = (
				A1E5BF5B28A17D6C0087C28C /* TestingRequestBuilderTest.swift in Sources */,
				A15E5F0128B9D4B200104FCB /* TestSearchImageViewModelTesting.swift in Sources */,
				A16C70C828AA4A7700273BDA /* TestBreedServiceTesting.swift in Sources */,
				A190263928B1E08300A77424 /* TestFavouriteServiceTesting.swift in Sources */,
				A1C9331128A72960002B2A67 /* TestBreedApiTesting.swift in Sources */,
				A1E6F42C28A70D5900C06B81 /* TestBaseApi.swift in Sources */,
				A190263B28B1E0AB00A77424 /* MockFavouriteService.swift in Sources */,
				A10EEDBA28B957A700E8B1CB /* KeysForTest.swift in Sources */,
				A1E5BF5428A17D4C0087C28C /* CatsTests.swift in Sources */,
				A1E1F00628B79079003435D3 /* TestHomeViewModelTesting.swift in Sources */,
				A10EEDB828B942C100E8B1CB /* TestSettingsViewModelTesting.swift in Sources */,
				A1EDFF0F28A76C9C00A76C45 /* TestFavouriteApiTesting.swift in Sources */,
				A1BA670728B644B200ECFEE4 /* TestBreedViewModelTesting.swift in Sources */,
				A1EDFF1928A7755900A76C45 /* TestCacheManagerTesting.swift in Sources */,
				A1E6F42928A6FC9600C06B81 /* TestingBaseRequestBuilderTest.swift in Sources */,
				A1CDFD9228A91EEF00FF50A9 /* TestUserPreferenceCacheTesting.swift in Sources */,
				A1C9331528A72F3B002B2A67 /* TestImageApiTesting.swift in Sources */,
				A154449C28AA56D900D452EC /* MockBreedService.swift in Sources */,
				A190264028B1F12600A77424 /* TestImagesServiceTesting.swift in Sources */,
				A15A138B28A78085001309E4 /* TestDiskCacheManagerTesting.swift in Sources */,
				A16C70C028AA380900273BDA /* Const.swift in Sources */,
				A190263E28B1F08C00A77424 /* MockImageService.swift in Sources */,
			);
			runOnlyForDeploymentPostprocessing = 0;
		};
/* End PBXSourcesBuildPhase section */

/* Begin PBXTargetDependency section */
		A1E5BF5628A17D4C0087C28C /* PBXTargetDependency */ = {
			isa = PBXTargetDependency;
			target = A1B8AEE72878560A000D16DE /* Cats */;
			targetProxy = A1E5BF5528A17D4C0087C28C /* PBXContainerItemProxy */;
		};
/* End PBXTargetDependency section */

/* Begin XCBuildConfiguration section */
		A1B8AF0A2878560B000D16DE /* Debug */ = {
			isa = XCBuildConfiguration;
			baseConfigurationReference = A134BC8F287DC3220028B251 /* Basic.xcconfig */;
			buildSettings = {
				ALWAYS_SEARCH_USER_PATHS = NO;
				CLANG_ANALYZER_NONNULL = YES;
				CLANG_ANALYZER_NUMBER_OBJECT_CONVERSION = YES_AGGRESSIVE;
				CLANG_CXX_LANGUAGE_STANDARD = "gnu++17";
				CLANG_ENABLE_MODULES = YES;
				CLANG_ENABLE_OBJC_ARC = YES;
				CLANG_ENABLE_OBJC_WEAK = YES;
				CLANG_WARN_BLOCK_CAPTURE_AUTORELEASING = YES;
				CLANG_WARN_BOOL_CONVERSION = YES;
				CLANG_WARN_COMMA = YES;
				CLANG_WARN_CONSTANT_CONVERSION = YES;
				CLANG_WARN_DEPRECATED_OBJC_IMPLEMENTATIONS = YES;
				CLANG_WARN_DIRECT_OBJC_ISA_USAGE = YES_ERROR;
				CLANG_WARN_DOCUMENTATION_COMMENTS = YES;
				CLANG_WARN_EMPTY_BODY = YES;
				CLANG_WARN_ENUM_CONVERSION = YES;
				CLANG_WARN_INFINITE_RECURSION = YES;
				CLANG_WARN_INT_CONVERSION = YES;
				CLANG_WARN_NON_LITERAL_NULL_CONVERSION = YES;
				CLANG_WARN_OBJC_IMPLICIT_RETAIN_SELF = YES;
				CLANG_WARN_OBJC_LITERAL_CONVERSION = YES;
				CLANG_WARN_OBJC_ROOT_CLASS = YES_ERROR;
				CLANG_WARN_QUOTED_INCLUDE_IN_FRAMEWORK_HEADER = YES;
				CLANG_WARN_RANGE_LOOP_ANALYSIS = YES;
				CLANG_WARN_STRICT_PROTOTYPES = YES;
				CLANG_WARN_SUSPICIOUS_MOVE = YES;
				CLANG_WARN_UNGUARDED_AVAILABILITY = YES_AGGRESSIVE;
				CLANG_WARN_UNREACHABLE_CODE = YES;
				CLANG_WARN__DUPLICATE_METHOD_MATCH = YES;
				COPY_PHASE_STRIP = NO;
				DEBUG_INFORMATION_FORMAT = dwarf;
				ENABLE_STRICT_OBJC_MSGSEND = YES;
				ENABLE_TESTABILITY = YES;
				GCC_C_LANGUAGE_STANDARD = gnu11;
				GCC_DYNAMIC_NO_PIC = NO;
				GCC_NO_COMMON_BLOCKS = YES;
				GCC_OPTIMIZATION_LEVEL = 0;
				GCC_PREPROCESSOR_DEFINITIONS = (
					"DEBUG=1",
					"$(inherited)",
				);
				GCC_WARN_64_TO_32_BIT_CONVERSION = YES;
				GCC_WARN_ABOUT_RETURN_TYPE = YES_ERROR;
				GCC_WARN_UNDECLARED_SELECTOR = YES;
				GCC_WARN_UNINITIALIZED_AUTOS = YES_AGGRESSIVE;
				GCC_WARN_UNUSED_FUNCTION = YES;
				GCC_WARN_UNUSED_VARIABLE = YES;
				IPHONEOS_DEPLOYMENT_TARGET = 14.0;
				MTL_ENABLE_DEBUG_INFO = INCLUDE_SOURCE;
				MTL_FAST_MATH = YES;
				ONLY_ACTIVE_ARCH = YES;
				SDKROOT = iphoneos;
				SWIFT_ACTIVE_COMPILATION_CONDITIONS = DEBUG;
				SWIFT_OPTIMIZATION_LEVEL = "-Onone";
			};
			name = Debug;
		};
		A1B8AF0B2878560B000D16DE /* Release */ = {
			isa = XCBuildConfiguration;
			baseConfigurationReference = A134BC8F287DC3220028B251 /* Basic.xcconfig */;
			buildSettings = {
				ALWAYS_SEARCH_USER_PATHS = NO;
				CLANG_ANALYZER_NONNULL = YES;
				CLANG_ANALYZER_NUMBER_OBJECT_CONVERSION = YES_AGGRESSIVE;
				CLANG_CXX_LANGUAGE_STANDARD = "gnu++17";
				CLANG_ENABLE_MODULES = YES;
				CLANG_ENABLE_OBJC_ARC = YES;
				CLANG_ENABLE_OBJC_WEAK = YES;
				CLANG_WARN_BLOCK_CAPTURE_AUTORELEASING = YES;
				CLANG_WARN_BOOL_CONVERSION = YES;
				CLANG_WARN_COMMA = YES;
				CLANG_WARN_CONSTANT_CONVERSION = YES;
				CLANG_WARN_DEPRECATED_OBJC_IMPLEMENTATIONS = YES;
				CLANG_WARN_DIRECT_OBJC_ISA_USAGE = YES_ERROR;
				CLANG_WARN_DOCUMENTATION_COMMENTS = YES;
				CLANG_WARN_EMPTY_BODY = YES;
				CLANG_WARN_ENUM_CONVERSION = YES;
				CLANG_WARN_INFINITE_RECURSION = YES;
				CLANG_WARN_INT_CONVERSION = YES;
				CLANG_WARN_NON_LITERAL_NULL_CONVERSION = YES;
				CLANG_WARN_OBJC_IMPLICIT_RETAIN_SELF = YES;
				CLANG_WARN_OBJC_LITERAL_CONVERSION = YES;
				CLANG_WARN_OBJC_ROOT_CLASS = YES_ERROR;
				CLANG_WARN_QUOTED_INCLUDE_IN_FRAMEWORK_HEADER = YES;
				CLANG_WARN_RANGE_LOOP_ANALYSIS = YES;
				CLANG_WARN_STRICT_PROTOTYPES = YES;
				CLANG_WARN_SUSPICIOUS_MOVE = YES;
				CLANG_WARN_UNGUARDED_AVAILABILITY = YES_AGGRESSIVE;
				CLANG_WARN_UNREACHABLE_CODE = YES;
				CLANG_WARN__DUPLICATE_METHOD_MATCH = YES;
				COPY_PHASE_STRIP = NO;
				DEBUG_INFORMATION_FORMAT = "dwarf-with-dsym";
				ENABLE_NS_ASSERTIONS = NO;
				ENABLE_STRICT_OBJC_MSGSEND = YES;
				GCC_C_LANGUAGE_STANDARD = gnu11;
				GCC_NO_COMMON_BLOCKS = YES;
				GCC_WARN_64_TO_32_BIT_CONVERSION = YES;
				GCC_WARN_ABOUT_RETURN_TYPE = YES_ERROR;
				GCC_WARN_UNDECLARED_SELECTOR = YES;
				GCC_WARN_UNINITIALIZED_AUTOS = YES_AGGRESSIVE;
				GCC_WARN_UNUSED_FUNCTION = YES;
				GCC_WARN_UNUSED_VARIABLE = YES;
				IPHONEOS_DEPLOYMENT_TARGET = 14.0;
				MTL_ENABLE_DEBUG_INFO = NO;
				MTL_FAST_MATH = YES;
				SDKROOT = iphoneos;
				SWIFT_COMPILATION_MODE = wholemodule;
				SWIFT_OPTIMIZATION_LEVEL = "-O";
				VALIDATE_PRODUCT = YES;
			};
			name = Release;
		};
		A1B8AF0D2878560B000D16DE /* Debug */ = {
			isa = XCBuildConfiguration;
			buildSettings = {
				ASSETCATALOG_COMPILER_APPICON_NAME = AppIcon;
				ASSETCATALOG_COMPILER_GLOBAL_ACCENT_COLOR_NAME = AccentColor;
				CODE_SIGN_STYLE = Automatic;
				CURRENT_PROJECT_VERSION = 1;
				DEVELOPMENT_ASSET_PATHS = "\"Cats/Preview Content\"";
				DEVELOPMENT_TEAM = VWR97UTPCS;
				ENABLE_PREVIEWS = YES;
				GENERATE_INFOPLIST_FILE = YES;
				INFOPLIST_FILE = Cats/Info.plist;
				INFOPLIST_KEY_UIApplicationSceneManifest_Generation = YES;
				INFOPLIST_KEY_UIApplicationSupportsIndirectInputEvents = YES;
				INFOPLIST_KEY_UISupportedInterfaceOrientations = UIInterfaceOrientationPortrait;
				INFOPLIST_KEY_UISupportedInterfaceOrientations_iPad = "UIInterfaceOrientationPortrait UIInterfaceOrientationPortraitUpsideDown UIInterfaceOrientationLandscapeLeft UIInterfaceOrientationLandscapeRight";
				INFOPLIST_KEY_UISupportedInterfaceOrientations_iPhone = "UIInterfaceOrientationPortrait UIInterfaceOrientationLandscapeLeft UIInterfaceOrientationLandscapeRight";
				LD_RUNPATH_SEARCH_PATHS = (
					"$(inherited)",
					"@executable_path/Frameworks",
				);
				MARKETING_VERSION = 1.0;
				PRODUCT_BUNDLE_IDENTIFIER = com.practice.Cats;
				PRODUCT_NAME = "$(TARGET_NAME)";
				SWIFT_EMIT_LOC_STRINGS = YES;
				SWIFT_VERSION = 5.0;
				TARGETED_DEVICE_FAMILY = 1;
			};
			name = Debug;
		};
		A1B8AF0E2878560B000D16DE /* Release */ = {
			isa = XCBuildConfiguration;
			buildSettings = {
				ASSETCATALOG_COMPILER_APPICON_NAME = AppIcon;
				ASSETCATALOG_COMPILER_GLOBAL_ACCENT_COLOR_NAME = AccentColor;
				CODE_SIGN_STYLE = Automatic;
				CURRENT_PROJECT_VERSION = 1;
				DEVELOPMENT_ASSET_PATHS = "\"Cats/Preview Content\"";
				DEVELOPMENT_TEAM = VWR97UTPCS;
				ENABLE_PREVIEWS = YES;
				GENERATE_INFOPLIST_FILE = YES;
				INFOPLIST_FILE = Cats/Info.plist;
				INFOPLIST_KEY_UIApplicationSceneManifest_Generation = YES;
				INFOPLIST_KEY_UIApplicationSupportsIndirectInputEvents = YES;
				INFOPLIST_KEY_UISupportedInterfaceOrientations = UIInterfaceOrientationPortrait;
				INFOPLIST_KEY_UISupportedInterfaceOrientations_iPad = "UIInterfaceOrientationPortrait UIInterfaceOrientationPortraitUpsideDown UIInterfaceOrientationLandscapeLeft UIInterfaceOrientationLandscapeRight";
				INFOPLIST_KEY_UISupportedInterfaceOrientations_iPhone = "UIInterfaceOrientationPortrait UIInterfaceOrientationLandscapeLeft UIInterfaceOrientationLandscapeRight";
				LD_RUNPATH_SEARCH_PATHS = (
					"$(inherited)",
					"@executable_path/Frameworks",
				);
				MARKETING_VERSION = 1.0;
				PRODUCT_BUNDLE_IDENTIFIER = com.practice.Cats;
				PRODUCT_NAME = "$(TARGET_NAME)";
				SWIFT_EMIT_LOC_STRINGS = YES;
				SWIFT_VERSION = 5.0;
				TARGETED_DEVICE_FAMILY = 1;
			};
			name = Release;
		};
		A1E5BF5828A17D4C0087C28C /* Debug */ = {
			isa = XCBuildConfiguration;
			buildSettings = {
				BUNDLE_LOADER = "$(TEST_HOST)";
				CODE_SIGN_STYLE = Automatic;
				CURRENT_PROJECT_VERSION = 1;
				DEVELOPMENT_TEAM = VWR97UTPCS;
				GENERATE_INFOPLIST_FILE = YES;
				IPHONEOS_DEPLOYMENT_TARGET = 15.5;
				MARKETING_VERSION = 1.0;
				PRODUCT_BUNDLE_IDENTIFIER = com.practice.CatsTests;
				PRODUCT_NAME = "$(TARGET_NAME)";
				SWIFT_EMIT_LOC_STRINGS = NO;
				SWIFT_VERSION = 5.0;
				TARGETED_DEVICE_FAMILY = "1,2";
				TEST_HOST = "$(BUILT_PRODUCTS_DIR)/Cats.app/Cats";
			};
			name = Debug;
		};
		A1E5BF5928A17D4C0087C28C /* Release */ = {
			isa = XCBuildConfiguration;
			buildSettings = {
				BUNDLE_LOADER = "$(TEST_HOST)";
				CODE_SIGN_STYLE = Automatic;
				CURRENT_PROJECT_VERSION = 1;
				DEVELOPMENT_TEAM = VWR97UTPCS;
				GENERATE_INFOPLIST_FILE = YES;
				IPHONEOS_DEPLOYMENT_TARGET = 15.5;
				MARKETING_VERSION = 1.0;
				PRODUCT_BUNDLE_IDENTIFIER = com.practice.CatsTests;
				PRODUCT_NAME = "$(TARGET_NAME)";
				SWIFT_EMIT_LOC_STRINGS = NO;
				SWIFT_VERSION = 5.0;
				TARGETED_DEVICE_FAMILY = "1,2";
				TEST_HOST = "$(BUILT_PRODUCTS_DIR)/Cats.app/Cats";
			};
			name = Release;
		};
/* End XCBuildConfiguration section */

/* Begin XCConfigurationList section */
		A1B8AEE32878560A000D16DE /* Build configuration list for PBXProject "Cats" */ = {
			isa = XCConfigurationList;
			buildConfigurations = (
				A1B8AF0A2878560B000D16DE /* Debug */,
				A1B8AF0B2878560B000D16DE /* Release */,
			);
			defaultConfigurationIsVisible = 0;
			defaultConfigurationName = Debug;
		};
		A1B8AF0C2878560B000D16DE /* Build configuration list for PBXNativeTarget "Cats" */ = {
			isa = XCConfigurationList;
			buildConfigurations = (
				A1B8AF0D2878560B000D16DE /* Debug */,
				A1B8AF0E2878560B000D16DE /* Release */,
			);
			defaultConfigurationIsVisible = 0;
			defaultConfigurationName = Debug;
		};
		A1E5BF5728A17D4C0087C28C /* Build configuration list for PBXNativeTarget "CatsTests" */ = {
			isa = XCConfigurationList;
			buildConfigurations = (
				A1E5BF5828A17D4C0087C28C /* Debug */,
				A1E5BF5928A17D4C0087C28C /* Release */,
			);
			defaultConfigurationIsVisible = 0;
			defaultConfigurationName = Debug;
		};
/* End XCConfigurationList section */
	};
	rootObject = A1B8AEE02878560A000D16DE /* Project object */;
}
