// !$*UTF8*$!
{
	archiveVersion = 1;
	classes = {
	};
	objectVersion = 55;
	objects = {

/* Begin PBXBuildFile section */
		A126C9D92879576C00CF3CD7 /* BreedApi.swift in Sources */ = {isa = PBXBuildFile; fileRef = A126C9D82879576C00CF3CD7 /* BreedApi.swift */; };
		A126C9DB2879578800CF3CD7 /* BreedService.swift in Sources */ = {isa = PBXBuildFile; fileRef = A126C9DA2879578800CF3CD7 /* BreedService.swift */; };
		A127054B2879B727001B0A74 /* BaseViewModel.swift in Sources */ = {isa = PBXBuildFile; fileRef = A127054A2879B727001B0A74 /* BaseViewModel.swift */; };
		A145259D287DAC5600FEC177 /* MessageResponse.swift in Sources */ = {isa = PBXBuildFile; fileRef = A145259C287DAC5600FEC177 /* MessageResponse.swift */; };
		A1584ADF287EF150008AF229 /* SearchBar.swift in Sources */ = {isa = PBXBuildFile; fileRef = A1584ADE287EF150008AF229 /* SearchBar.swift */; };
		A1584AE4287EF85B008AF229 /* BreedDetailView.swift in Sources */ = {isa = PBXBuildFile; fileRef = A1584AE3287EF85B008AF229 /* BreedDetailView.swift */; };
		A1584AE6287F058A008AF229 /* BaseViewFrame.swift in Sources */ = {isa = PBXBuildFile; fileRef = A1584AE5287F058A008AF229 /* BaseViewFrame.swift */; };
		A1584AE8287F131C008AF229 /* TabBarItems.swift in Sources */ = {isa = PBXBuildFile; fileRef = A1584AE7287F131C008AF229 /* TabBarItems.swift */; };
		A15D602D2881E32800975F84 /* UserInfoCache.swift in Sources */ = {isa = PBXBuildFile; fileRef = A15D602C2881E32800975F84 /* UserInfoCache.swift */; };
		A17C461B287B2440005B6E07 /* RequestBuilder.swift in Sources */ = {isa = PBXBuildFile; fileRef = A17C461A287B2440005B6E07 /* RequestBuilder.swift */; };
		A1819692287A75F100C6E7B8 /* FavouriteView.swift in Sources */ = {isa = PBXBuildFile; fileRef = A1819691287A75F100C6E7B8 /* FavouriteView.swift */; };
		A1819694287A761700C6E7B8 /* FavouriteViewModel.swift in Sources */ = {isa = PBXBuildFile; fileRef = A1819693287A761700C6E7B8 /* FavouriteViewModel.swift */; };
		A1819696287A785D00C6E7B8 /* FavouriteApi.swift in Sources */ = {isa = PBXBuildFile; fileRef = A1819695287A785D00C6E7B8 /* FavouriteApi.swift */; };
		A1819698287A7B3800C6E7B8 /* FavouriteService.swift in Sources */ = {isa = PBXBuildFile; fileRef = A1819697287A7B3800C6E7B8 /* FavouriteService.swift */; };
		A181969A287A892200C6E7B8 /* VoteApi.swift in Sources */ = {isa = PBXBuildFile; fileRef = A1819699287A892200C6E7B8 /* VoteApi.swift */; };
		A181969C287A896200C6E7B8 /* VoteService.swift in Sources */ = {isa = PBXBuildFile; fileRef = A181969B287A896200C6E7B8 /* VoteService.swift */; };
		A181969F287A92D000C6E7B8 /* VoteRequest.swift in Sources */ = {isa = PBXBuildFile; fileRef = A181969E287A92D000C6E7B8 /* VoteRequest.swift */; };
		A18196A1287A9C0100C6E7B8 /* ImageViewProtocol.swift in Sources */ = {isa = PBXBuildFile; fileRef = A18196A0287A9C0100C6E7B8 /* ImageViewProtocol.swift */; };
		A19789502879FA1600EDB501 /* BreedView.swift in Sources */ = {isa = PBXBuildFile; fileRef = A197894F2879FA1600EDB501 /* BreedView.swift */; };
		A19789522879FA4700EDB501 /* BreedViewModel.swift in Sources */ = {isa = PBXBuildFile; fileRef = A19789512879FA4700EDB501 /* BreedViewModel.swift */; };
		A19789552879FE7100EDB501 /* SearchView.swift in Sources */ = {isa = PBXBuildFile; fileRef = A19789542879FE7100EDB501 /* SearchView.swift */; };
		A19789572879FE7E00EDB501 /* SearchViewModel.swift in Sources */ = {isa = PBXBuildFile; fileRef = A19789562879FE7E00EDB501 /* SearchViewModel.swift */; };
		A197895C2879FF7A00EDB501 /* ImagesService.swift in Sources */ = {isa = PBXBuildFile; fileRef = A197895B2879FF7A00EDB501 /* ImagesService.swift */; };
		A197895E2879FF8400EDB501 /* ImagesApi.swift in Sources */ = {isa = PBXBuildFile; fileRef = A197895D2879FF8400EDB501 /* ImagesApi.swift */; };
		A1A086C9287C30B90021C4D3 /* URL+extension.swift in Sources */ = {isa = PBXBuildFile; fileRef = A1A086C8287C30B90021C4D3 /* URL+extension.swift */; };
		A1A086CB287C30D70021C4D3 /* HttpMethod.swift in Sources */ = {isa = PBXBuildFile; fileRef = A1A086CA287C30D70021C4D3 /* HttpMethod.swift */; };
		A1A89C1A2880B11000FE3DBC /* Labels.swift in Sources */ = {isa = PBXBuildFile; fileRef = A1A89C192880B11000FE3DBC /* Labels.swift */; };
		A1B8AEEC2878560A000D16DE /* CatsApp.swift in Sources */ = {isa = PBXBuildFile; fileRef = A1B8AEEB2878560A000D16DE /* CatsApp.swift */; };
		A1B8AEF02878560B000D16DE /* Assets.xcassets in Resources */ = {isa = PBXBuildFile; fileRef = A1B8AEEF2878560B000D16DE /* Assets.xcassets */; };
		A1B8AEF32878560B000D16DE /* Preview Assets.xcassets in Resources */ = {isa = PBXBuildFile; fileRef = A1B8AEF22878560B000D16DE /* Preview Assets.xcassets */; };
		A1B8AF1628785648000D16DE /* MainView.swift in Sources */ = {isa = PBXBuildFile; fileRef = A1B8AF1528785648000D16DE /* MainView.swift */; };
		A1F3374F28786B130023961C /* VoteViewModel.swift in Sources */ = {isa = PBXBuildFile; fileRef = A1F3374E28786B130023961C /* VoteViewModel.swift */; };
		A1F3375128786B190023961C /* VoteView.swift in Sources */ = {isa = PBXBuildFile; fileRef = A1F3375028786B190023961C /* VoteView.swift */; };
		A1F3375328786D3C0023961C /* Resources.swift in Sources */ = {isa = PBXBuildFile; fileRef = A1F3375228786D3C0023961C /* Resources.swift */; };
		A1F3CBDD2878F67B00710A35 /* Category.swift in Sources */ = {isa = PBXBuildFile; fileRef = A1F3CBDC2878F67B00710A35 /* Category.swift */; };
		A1F3CBDF2878F6B900710A35 /* Fact.swift in Sources */ = {isa = PBXBuildFile; fileRef = A1F3CBDE2878F6B900710A35 /* Fact.swift */; };
		A1F3CBE12878F76600710A35 /* Favourite.swift in Sources */ = {isa = PBXBuildFile; fileRef = A1F3CBE02878F76600710A35 /* Favourite.swift */; };
		A1F3CBE32878F81900710A35 /* Breed.swift in Sources */ = {isa = PBXBuildFile; fileRef = A1F3CBE22878F81900710A35 /* Breed.swift */; };
		A1F3CBE52878FA2400710A35 /* ImageFull.swift in Sources */ = {isa = PBXBuildFile; fileRef = A1F3CBE42878FA2400710A35 /* ImageFull.swift */; };
		A1F3CBE72878FC9800710A35 /* ImageShort.swift in Sources */ = {isa = PBXBuildFile; fileRef = A1F3CBE62878FC9800710A35 /* ImageShort.swift */; };
		A1F3CBE92878FDFA00710A35 /* Vote.swift in Sources */ = {isa = PBXBuildFile; fileRef = A1F3CBE82878FDFA00710A35 /* Vote.swift */; };
/* End PBXBuildFile section */

/* Begin PBXFileReference section */
		A126C9D82879576C00CF3CD7 /* BreedApi.swift */ = {isa = PBXFileReference; lastKnownFileType = sourcecode.swift; path = BreedApi.swift; sourceTree = "<group>"; };
		A126C9DA2879578800CF3CD7 /* BreedService.swift */ = {isa = PBXFileReference; lastKnownFileType = sourcecode.swift; path = BreedService.swift; sourceTree = "<group>"; };
		A127054A2879B727001B0A74 /* BaseViewModel.swift */ = {isa = PBXFileReference; lastKnownFileType = sourcecode.swift; path = BaseViewModel.swift; sourceTree = "<group>"; };
		A134BC8E287DC1640028B251 /* Info.plist */ = {isa = PBXFileReference; lastKnownFileType = text.plist; path = Info.plist; sourceTree = "<group>"; };
		A134BC8F287DC3220028B251 /* Basic.xcconfig */ = {isa = PBXFileReference; lastKnownFileType = text.xcconfig; path = Basic.xcconfig; sourceTree = "<group>"; };
		A145259C287DAC5600FEC177 /* MessageResponse.swift */ = {isa = PBXFileReference; lastKnownFileType = sourcecode.swift; path = MessageResponse.swift; sourceTree = "<group>"; };
		A145259F287DB6B000FEC177 /* README.md */ = {isa = PBXFileReference; lastKnownFileType = net.daringfireball.markdown; path = README.md; sourceTree = "<group>"; };
		A1584ADE287EF150008AF229 /* SearchBar.swift */ = {isa = PBXFileReference; lastKnownFileType = sourcecode.swift; path = SearchBar.swift; sourceTree = "<group>"; };
		A1584AE3287EF85B008AF229 /* BreedDetailView.swift */ = {isa = PBXFileReference; lastKnownFileType = sourcecode.swift; path = BreedDetailView.swift; sourceTree = "<group>"; };
		A1584AE5287F058A008AF229 /* BaseViewFrame.swift */ = {isa = PBXFileReference; lastKnownFileType = sourcecode.swift; path = BaseViewFrame.swift; sourceTree = "<group>"; };
		A1584AE7287F131C008AF229 /* TabBarItems.swift */ = {isa = PBXFileReference; lastKnownFileType = sourcecode.swift; path = TabBarItems.swift; sourceTree = "<group>"; };
		A15D602C2881E32800975F84 /* UserInfoCache.swift */ = {isa = PBXFileReference; lastKnownFileType = sourcecode.swift; path = UserInfoCache.swift; sourceTree = "<group>"; };
		A17C461A287B2440005B6E07 /* RequestBuilder.swift */ = {isa = PBXFileReference; lastKnownFileType = sourcecode.swift; path = RequestBuilder.swift; sourceTree = "<group>"; };
		A1819691287A75F100C6E7B8 /* FavouriteView.swift */ = {isa = PBXFileReference; lastKnownFileType = sourcecode.swift; path = FavouriteView.swift; sourceTree = "<group>"; };
		A1819693287A761700C6E7B8 /* FavouriteViewModel.swift */ = {isa = PBXFileReference; lastKnownFileType = sourcecode.swift; path = FavouriteViewModel.swift; sourceTree = "<group>"; };
		A1819695287A785D00C6E7B8 /* FavouriteApi.swift */ = {isa = PBXFileReference; lastKnownFileType = sourcecode.swift; path = FavouriteApi.swift; sourceTree = "<group>"; };
		A1819697287A7B3800C6E7B8 /* FavouriteService.swift */ = {isa = PBXFileReference; lastKnownFileType = sourcecode.swift; path = FavouriteService.swift; sourceTree = "<group>"; };
		A1819699287A892200C6E7B8 /* VoteApi.swift */ = {isa = PBXFileReference; lastKnownFileType = sourcecode.swift; path = VoteApi.swift; sourceTree = "<group>"; };
		A181969B287A896200C6E7B8 /* VoteService.swift */ = {isa = PBXFileReference; lastKnownFileType = sourcecode.swift; path = VoteService.swift; sourceTree = "<group>"; };
		A181969E287A92D000C6E7B8 /* VoteRequest.swift */ = {isa = PBXFileReference; lastKnownFileType = sourcecode.swift; path = VoteRequest.swift; sourceTree = "<group>"; };
		A18196A0287A9C0100C6E7B8 /* ImageViewProtocol.swift */ = {isa = PBXFileReference; lastKnownFileType = sourcecode.swift; path = ImageViewProtocol.swift; sourceTree = "<group>"; };
		A197894F2879FA1600EDB501 /* BreedView.swift */ = {isa = PBXFileReference; lastKnownFileType = sourcecode.swift; path = BreedView.swift; sourceTree = "<group>"; };
		A19789512879FA4700EDB501 /* BreedViewModel.swift */ = {isa = PBXFileReference; lastKnownFileType = sourcecode.swift; path = BreedViewModel.swift; sourceTree = "<group>"; };
		A19789542879FE7100EDB501 /* SearchView.swift */ = {isa = PBXFileReference; lastKnownFileType = sourcecode.swift; path = SearchView.swift; sourceTree = "<group>"; };
		A19789562879FE7E00EDB501 /* SearchViewModel.swift */ = {isa = PBXFileReference; lastKnownFileType = sourcecode.swift; path = SearchViewModel.swift; sourceTree = "<group>"; };
		A197895B2879FF7A00EDB501 /* ImagesService.swift */ = {isa = PBXFileReference; lastKnownFileType = sourcecode.swift; path = ImagesService.swift; sourceTree = "<group>"; };
		A197895D2879FF8400EDB501 /* ImagesApi.swift */ = {isa = PBXFileReference; lastKnownFileType = sourcecode.swift; path = ImagesApi.swift; sourceTree = "<group>"; };
		A1A086C8287C30B90021C4D3 /* URL+extension.swift */ = {isa = PBXFileReference; lastKnownFileType = sourcecode.swift; path = "URL+extension.swift"; sourceTree = "<group>"; };
		A1A086CA287C30D70021C4D3 /* HttpMethod.swift */ = {isa = PBXFileReference; lastKnownFileType = sourcecode.swift; path = HttpMethod.swift; sourceTree = "<group>"; };
		A1A89C192880B11000FE3DBC /* Labels.swift */ = {isa = PBXFileReference; lastKnownFileType = sourcecode.swift; path = Labels.swift; sourceTree = "<group>"; };
		A1B8AEE82878560A000D16DE /* Cats.app */ = {isa = PBXFileReference; explicitFileType = wrapper.application; includeInIndex = 0; path = Cats.app; sourceTree = BUILT_PRODUCTS_DIR; };
		A1B8AEEB2878560A000D16DE /* CatsApp.swift */ = {isa = PBXFileReference; lastKnownFileType = sourcecode.swift; path = CatsApp.swift; sourceTree = "<group>"; };
		A1B8AEEF2878560B000D16DE /* Assets.xcassets */ = {isa = PBXFileReference; lastKnownFileType = folder.assetcatalog; path = Assets.xcassets; sourceTree = "<group>"; };
		A1B8AEF22878560B000D16DE /* Preview Assets.xcassets */ = {isa = PBXFileReference; lastKnownFileType = folder.assetcatalog; path = "Preview Assets.xcassets"; sourceTree = "<group>"; };
		A1B8AF1528785648000D16DE /* MainView.swift */ = {isa = PBXFileReference; lastKnownFileType = sourcecode.swift; path = MainView.swift; sourceTree = "<group>"; };
		A1F3374E28786B130023961C /* VoteViewModel.swift */ = {isa = PBXFileReference; lastKnownFileType = sourcecode.swift; path = VoteViewModel.swift; sourceTree = "<group>"; };
		A1F3375028786B190023961C /* VoteView.swift */ = {isa = PBXFileReference; lastKnownFileType = sourcecode.swift; path = VoteView.swift; sourceTree = "<group>"; };
		A1F3375228786D3C0023961C /* Resources.swift */ = {isa = PBXFileReference; lastKnownFileType = sourcecode.swift; path = Resources.swift; sourceTree = "<group>"; };
		A1F3CBDC2878F67B00710A35 /* Category.swift */ = {isa = PBXFileReference; lastKnownFileType = sourcecode.swift; path = Category.swift; sourceTree = "<group>"; };
		A1F3CBDE2878F6B900710A35 /* Fact.swift */ = {isa = PBXFileReference; lastKnownFileType = sourcecode.swift; path = Fact.swift; sourceTree = "<group>"; };
		A1F3CBE02878F76600710A35 /* Favourite.swift */ = {isa = PBXFileReference; lastKnownFileType = sourcecode.swift; path = Favourite.swift; sourceTree = "<group>"; };
		A1F3CBE22878F81900710A35 /* Breed.swift */ = {isa = PBXFileReference; lastKnownFileType = sourcecode.swift; path = Breed.swift; sourceTree = "<group>"; };
		A1F3CBE42878FA2400710A35 /* ImageFull.swift */ = {isa = PBXFileReference; lastKnownFileType = sourcecode.swift; path = ImageFull.swift; sourceTree = "<group>"; };
		A1F3CBE62878FC9800710A35 /* ImageShort.swift */ = {isa = PBXFileReference; lastKnownFileType = sourcecode.swift; path = ImageShort.swift; sourceTree = "<group>"; };
		A1F3CBE82878FDFA00710A35 /* Vote.swift */ = {isa = PBXFileReference; lastKnownFileType = sourcecode.swift; path = Vote.swift; sourceTree = "<group>"; };
/* End PBXFileReference section */

/* Begin PBXFrameworksBuildPhase section */
		A1B8AEE52878560A000D16DE /* Frameworks */ = {
			isa = PBXFrameworksBuildPhase;
			buildActionMask = 2147483647;
			files = (
			);
			runOnlyForDeploymentPostprocessing = 0;
		};
/* End PBXFrameworksBuildPhase section */

/* Begin PBXGroup section */
		A126C9D328794C7300CF3CD7 /* api+services */ = {
			isa = PBXGroup;
			children = (
				A19EE58A28819F6B00C161AC /* Errors */,
				A126C9D7287953E000CF3CD7 /* services */,
				A126C9D6287953DC00CF3CD7 /* api */,
			);
			path = "api+services";
			sourceTree = "<group>";
		};
		A126C9D6287953DC00CF3CD7 /* api */ = {
			isa = PBXGroup;
			children = (
				A126C9D82879576C00CF3CD7 /* BreedApi.swift */,
				A1819695287A785D00C6E7B8 /* FavouriteApi.swift */,
				A197895D2879FF8400EDB501 /* ImagesApi.swift */,
				A1819699287A892200C6E7B8 /* VoteApi.swift */,
			);
			path = api;
			sourceTree = "<group>";
		};
		A126C9D7287953E000CF3CD7 /* services */ = {
			isa = PBXGroup;
			children = (
				A126C9DA2879578800CF3CD7 /* BreedService.swift */,
				A1819697287A7B3800C6E7B8 /* FavouriteService.swift */,
				A197895B2879FF7A00EDB501 /* ImagesService.swift */,
				A181969B287A896200C6E7B8 /* VoteService.swift */,
			);
			path = services;
			sourceTree = "<group>";
		};
		A126C9DE2879584200CF3CD7 /* Utils */ = {
			isa = PBXGroup;
			children = (
				A17C461A287B2440005B6E07 /* RequestBuilder.swift */,
				A1A086C8287C30B90021C4D3 /* URL+extension.swift */,
				A1A086CA287C30D70021C4D3 /* HttpMethod.swift */,
			);
			path = Utils;
			sourceTree = "<group>";
		};
		A12705492879B71F001B0A74 /* base */ = {
			isa = PBXGroup;
			children = (
				A127054A2879B727001B0A74 /* BaseViewModel.swift */,
				A18196A0287A9C0100C6E7B8 /* ImageViewProtocol.swift */,
				A1584AE5287F058A008AF229 /* BaseViewFrame.swift */,
			);
			path = base;
			sourceTree = "<group>";
		};
		A145259B287DAC4B00FEC177 /* response */ = {
			isa = PBXGroup;
			children = (
				A145259C287DAC5600FEC177 /* MessageResponse.swift */,
				A1F3CBE22878F81900710A35 /* Breed.swift */,
				A1F3CBDC2878F67B00710A35 /* Category.swift */,
				A1F3CBDE2878F6B900710A35 /* Fact.swift */,
				A1F3CBE02878F76600710A35 /* Favourite.swift */,
				A1F3CBE42878FA2400710A35 /* ImageFull.swift */,
				A1F3CBE62878FC9800710A35 /* ImageShort.swift */,
				A1F3CBE82878FDFA00710A35 /* Vote.swift */,
			);
			path = response;
			sourceTree = "<group>";
		};
		A157FBB4287DBE7600C50634 /* New Group */ = {
			isa = PBXGroup;
			children = (
			);
			path = "New Group";
			sourceTree = "<group>";
		};
		A1584ADD287EF140008AF229 /* custom */ = {
			isa = PBXGroup;
			children = (
				A1584ADE287EF150008AF229 /* SearchBar.swift */,
				A1584AE7287F131C008AF229 /* TabBarItems.swift */,
				A1A89C192880B11000FE3DBC /* Labels.swift */,
			);
			path = custom;
			sourceTree = "<group>";
		};
		A1584AE0287EF832008AF229 /* SubViews */ = {
			isa = PBXGroup;
			children = (
				A1584AE2287EF84B008AF229 /* BreedView */,
			);
			path = SubViews;
			sourceTree = "<group>";
		};
		A1584AE2287EF84B008AF229 /* BreedView */ = {
			isa = PBXGroup;
			children = (
				A1584AE3287EF85B008AF229 /* BreedDetailView.swift */,
			);
			path = BreedView;
			sourceTree = "<group>";
		};
		A1819690287A75D900C6E7B8 /* FavouriteView */ = {
			isa = PBXGroup;
			children = (
				A1819691287A75F100C6E7B8 /* FavouriteView.swift */,
				A1819693287A761700C6E7B8 /* FavouriteViewModel.swift */,
			);
			path = FavouriteView;
			sourceTree = "<group>";
		};
		A181969D287A92BD00C6E7B8 /* request */ = {
			isa = PBXGroup;
			children = (
				A181969E287A92D000C6E7B8 /* VoteRequest.swift */,
			);
			path = request;
			sourceTree = "<group>";
		};
		A197894E2879FA0600EDB501 /* BreedView */ = {
			isa = PBXGroup;
			children = (
				A197894F2879FA1600EDB501 /* BreedView.swift */,
				A19789512879FA4700EDB501 /* BreedViewModel.swift */,
			);
			path = BreedView;
			sourceTree = "<group>";
		};
		A19789532879FE4D00EDB501 /* SerachView */ = {
			isa = PBXGroup;
			children = (
				A19789542879FE7100EDB501 /* SearchView.swift */,
				A19789562879FE7E00EDB501 /* SearchViewModel.swift */,
			);
			path = SerachView;
			sourceTree = "<group>";
		};
		A19EE58728819AD600C161AC /* cache */ = {
			isa = PBXGroup;
			children = (
				A15D602C2881E32800975F84 /* UserInfoCache.swift */,
			);
			path = cache;
			sourceTree = "<group>";
		};
		A19EE58A28819F6B00C161AC /* Errors */ = {
			isa = PBXGroup;
			children = (
			);
			path = Errors;
			sourceTree = "<group>";
		};
		A1B8AEDF2878560A000D16DE = {
			isa = PBXGroup;
			children = (
				A145259F287DB6B000FEC177 /* README.md */,
				A1B8AEEA2878560A000D16DE /* Cats */,
				A1B8AEE92878560A000D16DE /* Products */,
			);
			sourceTree = "<group>";
		};
		A1B8AEE92878560A000D16DE /* Products */ = {
			isa = PBXGroup;
			children = (
				A1B8AEE82878560A000D16DE /* Cats.app */,
			);
			name = Products;
			sourceTree = "<group>";
		};
		A1B8AEEA2878560A000D16DE /* Cats */ = {
			isa = PBXGroup;
			children = (
				A134BC8E287DC1640028B251 /* Info.plist */,
				A126C9DE2879584200CF3CD7 /* Utils */,
				A1F3374928786AE50023961C /* app */,
				A1B8AEEF2878560B000D16DE /* Assets.xcassets */,
				A134BC8F287DC3220028B251 /* Basic.xcconfig */,
				A157FBB4287DBE7600C50634 /* New Group */,
				A1B8AEEB2878560A000D16DE /* CatsApp.swift */,
				A1F3375228786D3C0023961C /* Resources.swift */,
				A1B8AEF12878560B000D16DE /* Preview Content */,
			);
			path = Cats;
			sourceTree = "<group>";
		};
		A1B8AEF12878560B000D16DE /* Preview Content */ = {
			isa = PBXGroup;
			children = (
				A1B8AEF22878560B000D16DE /* Preview Assets.xcassets */,
			);
			path = "Preview Content";
			sourceTree = "<group>";
		};
		A1F3374928786AE50023961C /* app */ = {
			isa = PBXGroup;
			children = (
				A19EE58728819AD600C161AC /* cache */,
				A126C9D328794C7300CF3CD7 /* api+services */,
				A1F3CBDB2878F63500710A35 /* models */,
				A1F3374A28786AE70023961C /* ui */,
			);
			path = app;
			sourceTree = "<group>";
		};
		A1F3374A28786AE70023961C /* ui */ = {
			isa = PBXGroup;
			children = (
				A1584AE0287EF832008AF229 /* SubViews */,
				A1584ADD287EF140008AF229 /* custom */,
				A12705492879B71F001B0A74 /* base */,
				A1819690287A75D900C6E7B8 /* FavouriteView */,
				A19789532879FE4D00EDB501 /* SerachView */,
				A197894E2879FA0600EDB501 /* BreedView */,
				A1F3374B28786AF40023961C /* VoteView */,
				A1B8AF1528785648000D16DE /* MainView.swift */,
			);
			path = ui;
			sourceTree = "<group>";
		};
		A1F3374B28786AF40023961C /* VoteView */ = {
			isa = PBXGroup;
			children = (
				A1F3374E28786B130023961C /* VoteViewModel.swift */,
				A1F3375028786B190023961C /* VoteView.swift */,
			);
			path = VoteView;
			sourceTree = "<group>";
		};
		A1F3CBDB2878F63500710A35 /* models */ = {
			isa = PBXGroup;
			children = (
				A145259B287DAC4B00FEC177 /* response */,
				A181969D287A92BD00C6E7B8 /* request */,
			);
			path = models;
			sourceTree = "<group>";
		};
/* End PBXGroup section */

/* Begin PBXNativeTarget section */
		A1B8AEE72878560A000D16DE /* Cats */ = {
			isa = PBXNativeTarget;
			buildConfigurationList = A1B8AF0C2878560B000D16DE /* Build configuration list for PBXNativeTarget "Cats" */;
			buildPhases = (
				A1B8AEE42878560A000D16DE /* Sources */,
				A1B8AEE52878560A000D16DE /* Frameworks */,
				A1B8AEE62878560A000D16DE /* Resources */,
			);
			buildRules = (
			);
			dependencies = (
			);
			name = Cats;
			productName = Cats;
			productReference = A1B8AEE82878560A000D16DE /* Cats.app */;
			productType = "com.apple.product-type.application";
		};
/* End PBXNativeTarget section */

/* Begin PBXProject section */
		A1B8AEE02878560A000D16DE /* Project object */ = {
			isa = PBXProject;
			attributes = {
				BuildIndependentTargetsInParallel = 1;
				LastSwiftUpdateCheck = 1340;
				LastUpgradeCheck = 1340;
				TargetAttributes = {
					A1B8AEE72878560A000D16DE = {
						CreatedOnToolsVersion = 13.4.1;
					};
				};
			};
			buildConfigurationList = A1B8AEE32878560A000D16DE /* Build configuration list for PBXProject "Cats" */;
			compatibilityVersion = "Xcode 13.0";
			developmentRegion = en;
			hasScannedForEncodings = 0;
			knownRegions = (
				en,
				Base,
			);
			mainGroup = A1B8AEDF2878560A000D16DE;
			productRefGroup = A1B8AEE92878560A000D16DE /* Products */;
			projectDirPath = "";
			projectRoot = "";
			targets = (
				A1B8AEE72878560A000D16DE /* Cats */,
			);
		};
/* End PBXProject section */

/* Begin PBXResourcesBuildPhase section */
		A1B8AEE62878560A000D16DE /* Resources */ = {
			isa = PBXResourcesBuildPhase;
			buildActionMask = 2147483647;
			files = (
				A1B8AEF32878560B000D16DE /* Preview Assets.xcassets in Resources */,
				A1B8AEF02878560B000D16DE /* Assets.xcassets in Resources */,
			);
			runOnlyForDeploymentPostprocessing = 0;
		};
/* End PBXResourcesBuildPhase section */

/* Begin PBXSourcesBuildPhase section */
		A1B8AEE42878560A000D16DE /* Sources */ = {
			isa = PBXSourcesBuildPhase;
			buildActionMask = 2147483647;
			files = (
				A18196A1287A9C0100C6E7B8 /* ImageViewProtocol.swift in Sources */,
				A1F3CBE52878FA2400710A35 /* ImageFull.swift in Sources */,
				A19789552879FE7100EDB501 /* SearchView.swift in Sources */,
				A1F3CBE32878F81900710A35 /* Breed.swift in Sources */,
				A1819698287A7B3800C6E7B8 /* FavouriteService.swift in Sources */,
				A19789502879FA1600EDB501 /* BreedView.swift in Sources */,
				A1B8AF1628785648000D16DE /* MainView.swift in Sources */,
				A1584AE6287F058A008AF229 /* BaseViewFrame.swift in Sources */,
				A1584AE8287F131C008AF229 /* TabBarItems.swift in Sources */,
				A181969F287A92D000C6E7B8 /* VoteRequest.swift in Sources */,
				A1F3374F28786B130023961C /* VoteViewModel.swift in Sources */,
				A1A086C9287C30B90021C4D3 /* URL+extension.swift in Sources */,
				A197895E2879FF8400EDB501 /* ImagesApi.swift in Sources */,
				A181969A287A892200C6E7B8 /* VoteApi.swift in Sources */,
				A1A89C1A2880B11000FE3DBC /* Labels.swift in Sources */,
				A1A086CB287C30D70021C4D3 /* HttpMethod.swift in Sources */,
				A1819692287A75F100C6E7B8 /* FavouriteView.swift in Sources */,
				A19789572879FE7E00EDB501 /* SearchViewModel.swift in Sources */,
				A1584ADF287EF150008AF229 /* SearchBar.swift in Sources */,
				A181969C287A896200C6E7B8 /* VoteService.swift in Sources */,
				A15D602D2881E32800975F84 /* UserInfoCache.swift in Sources */,
				A1584AE4287EF85B008AF229 /* BreedDetailView.swift in Sources */,
				A1F3375128786B190023961C /* VoteView.swift in Sources */,
				A127054B2879B727001B0A74 /* BaseViewModel.swift in Sources */,
				A1819696287A785D00C6E7B8 /* FavouriteApi.swift in Sources */,
				A145259D287DAC5600FEC177 /* MessageResponse.swift in Sources */,
				A1F3375328786D3C0023961C /* Resources.swift in Sources */,
				A1F3CBDF2878F6B900710A35 /* Fact.swift in Sources */,
				A1F3CBE92878FDFA00710A35 /* Vote.swift in Sources */,
				A126C9DB2879578800CF3CD7 /* BreedService.swift in Sources */,
				A1B8AEEC2878560A000D16DE /* CatsApp.swift in Sources */,
				A19789522879FA4700EDB501 /* BreedViewModel.swift in Sources */,
				A126C9D92879576C00CF3CD7 /* BreedApi.swift in Sources */,
				A1F3CBDD2878F67B00710A35 /* Category.swift in Sources */,
				A1819694287A761700C6E7B8 /* FavouriteViewModel.swift in Sources */,
				A17C461B287B2440005B6E07 /* RequestBuilder.swift in Sources */,
				A197895C2879FF7A00EDB501 /* ImagesService.swift in Sources */,
				A1F3CBE72878FC9800710A35 /* ImageShort.swift in Sources */,
				A1F3CBE12878F76600710A35 /* Favourite.swift in Sources */,
			);
			runOnlyForDeploymentPostprocessing = 0;
		};
/* End PBXSourcesBuildPhase section */

/* Begin XCBuildConfiguration section */
		A1B8AF0A2878560B000D16DE /* Debug */ = {
			isa = XCBuildConfiguration;
			baseConfigurationReference = A134BC8F287DC3220028B251 /* Basic.xcconfig */;
			buildSettings = {
				ALWAYS_SEARCH_USER_PATHS = NO;
				CLANG_ANALYZER_NONNULL = YES;
				CLANG_ANALYZER_NUMBER_OBJECT_CONVERSION = YES_AGGRESSIVE;
				CLANG_CXX_LANGUAGE_STANDARD = "gnu++17";
				CLANG_ENABLE_MODULES = YES;
				CLANG_ENABLE_OBJC_ARC = YES;
				CLANG_ENABLE_OBJC_WEAK = YES;
				CLANG_WARN_BLOCK_CAPTURE_AUTORELEASING = YES;
				CLANG_WARN_BOOL_CONVERSION = YES;
				CLANG_WARN_COMMA = YES;
				CLANG_WARN_CONSTANT_CONVERSION = YES;
				CLANG_WARN_DEPRECATED_OBJC_IMPLEMENTATIONS = YES;
				CLANG_WARN_DIRECT_OBJC_ISA_USAGE = YES_ERROR;
				CLANG_WARN_DOCUMENTATION_COMMENTS = YES;
				CLANG_WARN_EMPTY_BODY = YES;
				CLANG_WARN_ENUM_CONVERSION = YES;
				CLANG_WARN_INFINITE_RECURSION = YES;
				CLANG_WARN_INT_CONVERSION = YES;
				CLANG_WARN_NON_LITERAL_NULL_CONVERSION = YES;
				CLANG_WARN_OBJC_IMPLICIT_RETAIN_SELF = YES;
				CLANG_WARN_OBJC_LITERAL_CONVERSION = YES;
				CLANG_WARN_OBJC_ROOT_CLASS = YES_ERROR;
				CLANG_WARN_QUOTED_INCLUDE_IN_FRAMEWORK_HEADER = YES;
				CLANG_WARN_RANGE_LOOP_ANALYSIS = YES;
				CLANG_WARN_STRICT_PROTOTYPES = YES;
				CLANG_WARN_SUSPICIOUS_MOVE = YES;
				CLANG_WARN_UNGUARDED_AVAILABILITY = YES_AGGRESSIVE;
				CLANG_WARN_UNREACHABLE_CODE = YES;
				CLANG_WARN__DUPLICATE_METHOD_MATCH = YES;
				COPY_PHASE_STRIP = NO;
				DEBUG_INFORMATION_FORMAT = dwarf;
				ENABLE_STRICT_OBJC_MSGSEND = YES;
				ENABLE_TESTABILITY = YES;
				GCC_C_LANGUAGE_STANDARD = gnu11;
				GCC_DYNAMIC_NO_PIC = NO;
				GCC_NO_COMMON_BLOCKS = YES;
				GCC_OPTIMIZATION_LEVEL = 0;
				GCC_PREPROCESSOR_DEFINITIONS = (
					"DEBUG=1",
					"$(inherited)",
				);
				GCC_WARN_64_TO_32_BIT_CONVERSION = YES;
				GCC_WARN_ABOUT_RETURN_TYPE = YES_ERROR;
				GCC_WARN_UNDECLARED_SELECTOR = YES;
				GCC_WARN_UNINITIALIZED_AUTOS = YES_AGGRESSIVE;
				GCC_WARN_UNUSED_FUNCTION = YES;
				GCC_WARN_UNUSED_VARIABLE = YES;
				IPHONEOS_DEPLOYMENT_TARGET = 14.0;
				MTL_ENABLE_DEBUG_INFO = INCLUDE_SOURCE;
				MTL_FAST_MATH = YES;
				ONLY_ACTIVE_ARCH = YES;
				SDKROOT = iphoneos;
				SWIFT_ACTIVE_COMPILATION_CONDITIONS = DEBUG;
				SWIFT_OPTIMIZATION_LEVEL = "-Onone";
			};
			name = Debug;
		};
		A1B8AF0B2878560B000D16DE /* Release */ = {
			isa = XCBuildConfiguration;
			baseConfigurationReference = A134BC8F287DC3220028B251 /* Basic.xcconfig */;
			buildSettings = {
				ALWAYS_SEARCH_USER_PATHS = NO;
				CLANG_ANALYZER_NONNULL = YES;
				CLANG_ANALYZER_NUMBER_OBJECT_CONVERSION = YES_AGGRESSIVE;
				CLANG_CXX_LANGUAGE_STANDARD = "gnu++17";
				CLANG_ENABLE_MODULES = YES;
				CLANG_ENABLE_OBJC_ARC = YES;
				CLANG_ENABLE_OBJC_WEAK = YES;
				CLANG_WARN_BLOCK_CAPTURE_AUTORELEASING = YES;
				CLANG_WARN_BOOL_CONVERSION = YES;
				CLANG_WARN_COMMA = YES;
				CLANG_WARN_CONSTANT_CONVERSION = YES;
				CLANG_WARN_DEPRECATED_OBJC_IMPLEMENTATIONS = YES;
				CLANG_WARN_DIRECT_OBJC_ISA_USAGE = YES_ERROR;
				CLANG_WARN_DOCUMENTATION_COMMENTS = YES;
				CLANG_WARN_EMPTY_BODY = YES;
				CLANG_WARN_ENUM_CONVERSION = YES;
				CLANG_WARN_INFINITE_RECURSION = YES;
				CLANG_WARN_INT_CONVERSION = YES;
				CLANG_WARN_NON_LITERAL_NULL_CONVERSION = YES;
				CLANG_WARN_OBJC_IMPLICIT_RETAIN_SELF = YES;
				CLANG_WARN_OBJC_LITERAL_CONVERSION = YES;
				CLANG_WARN_OBJC_ROOT_CLASS = YES_ERROR;
				CLANG_WARN_QUOTED_INCLUDE_IN_FRAMEWORK_HEADER = YES;
				CLANG_WARN_RANGE_LOOP_ANALYSIS = YES;
				CLANG_WARN_STRICT_PROTOTYPES = YES;
				CLANG_WARN_SUSPICIOUS_MOVE = YES;
				CLANG_WARN_UNGUARDED_AVAILABILITY = YES_AGGRESSIVE;
				CLANG_WARN_UNREACHABLE_CODE = YES;
				CLANG_WARN__DUPLICATE_METHOD_MATCH = YES;
				COPY_PHASE_STRIP = NO;
				DEBUG_INFORMATION_FORMAT = "dwarf-with-dsym";
				ENABLE_NS_ASSERTIONS = NO;
				ENABLE_STRICT_OBJC_MSGSEND = YES;
				GCC_C_LANGUAGE_STANDARD = gnu11;
				GCC_NO_COMMON_BLOCKS = YES;
				GCC_WARN_64_TO_32_BIT_CONVERSION = YES;
				GCC_WARN_ABOUT_RETURN_TYPE = YES_ERROR;
				GCC_WARN_UNDECLARED_SELECTOR = YES;
				GCC_WARN_UNINITIALIZED_AUTOS = YES_AGGRESSIVE;
				GCC_WARN_UNUSED_FUNCTION = YES;
				GCC_WARN_UNUSED_VARIABLE = YES;
				IPHONEOS_DEPLOYMENT_TARGET = 14.0;
				MTL_ENABLE_DEBUG_INFO = NO;
				MTL_FAST_MATH = YES;
				SDKROOT = iphoneos;
				SWIFT_COMPILATION_MODE = wholemodule;
				SWIFT_OPTIMIZATION_LEVEL = "-O";
				VALIDATE_PRODUCT = YES;
			};
			name = Release;
		};
		A1B8AF0D2878560B000D16DE /* Debug */ = {
			isa = XCBuildConfiguration;
			buildSettings = {
				ASSETCATALOG_COMPILER_APPICON_NAME = AppIcon;
				ASSETCATALOG_COMPILER_GLOBAL_ACCENT_COLOR_NAME = AccentColor;
				CODE_SIGN_STYLE = Automatic;
				CURRENT_PROJECT_VERSION = 1;
				DEVELOPMENT_ASSET_PATHS = "\"Cats/Preview Content\"";
				DEVELOPMENT_TEAM = VWR97UTPCS;
				ENABLE_PREVIEWS = YES;
				GENERATE_INFOPLIST_FILE = YES;
				INFOPLIST_FILE = Cats/Info.plist;
				INFOPLIST_KEY_UIApplicationSceneManifest_Generation = YES;
				INFOPLIST_KEY_UIApplicationSupportsIndirectInputEvents = YES;
				INFOPLIST_KEY_UISupportedInterfaceOrientations = UIInterfaceOrientationPortrait;
				INFOPLIST_KEY_UISupportedInterfaceOrientations_iPad = "UIInterfaceOrientationPortrait UIInterfaceOrientationPortraitUpsideDown UIInterfaceOrientationLandscapeLeft UIInterfaceOrientationLandscapeRight";
				INFOPLIST_KEY_UISupportedInterfaceOrientations_iPhone = "UIInterfaceOrientationPortrait UIInterfaceOrientationLandscapeLeft UIInterfaceOrientationLandscapeRight";
				LD_RUNPATH_SEARCH_PATHS = (
					"$(inherited)",
					"@executable_path/Frameworks",
				);
				MARKETING_VERSION = 1.0;
				PRODUCT_BUNDLE_IDENTIFIER = com.practice.Cats;
				PRODUCT_NAME = "$(TARGET_NAME)";
				SWIFT_EMIT_LOC_STRINGS = YES;
				SWIFT_VERSION = 5.0;
				TARGETED_DEVICE_FAMILY = 1;
			};
			name = Debug;
		};
		A1B8AF0E2878560B000D16DE /* Release */ = {
			isa = XCBuildConfiguration;
			buildSettings = {
				ASSETCATALOG_COMPILER_APPICON_NAME = AppIcon;
				ASSETCATALOG_COMPILER_GLOBAL_ACCENT_COLOR_NAME = AccentColor;
				CODE_SIGN_STYLE = Automatic;
				CURRENT_PROJECT_VERSION = 1;
				DEVELOPMENT_ASSET_PATHS = "\"Cats/Preview Content\"";
				DEVELOPMENT_TEAM = VWR97UTPCS;
				ENABLE_PREVIEWS = YES;
				GENERATE_INFOPLIST_FILE = YES;
				INFOPLIST_FILE = Cats/Info.plist;
				INFOPLIST_KEY_UIApplicationSceneManifest_Generation = YES;
				INFOPLIST_KEY_UIApplicationSupportsIndirectInputEvents = YES;
				INFOPLIST_KEY_UISupportedInterfaceOrientations = UIInterfaceOrientationPortrait;
				INFOPLIST_KEY_UISupportedInterfaceOrientations_iPad = "UIInterfaceOrientationPortrait UIInterfaceOrientationPortraitUpsideDown UIInterfaceOrientationLandscapeLeft UIInterfaceOrientationLandscapeRight";
				INFOPLIST_KEY_UISupportedInterfaceOrientations_iPhone = "UIInterfaceOrientationPortrait UIInterfaceOrientationLandscapeLeft UIInterfaceOrientationLandscapeRight";
				LD_RUNPATH_SEARCH_PATHS = (
					"$(inherited)",
					"@executable_path/Frameworks",
				);
				MARKETING_VERSION = 1.0;
				PRODUCT_BUNDLE_IDENTIFIER = com.practice.Cats;
				PRODUCT_NAME = "$(TARGET_NAME)";
				SWIFT_EMIT_LOC_STRINGS = YES;
				SWIFT_VERSION = 5.0;
				TARGETED_DEVICE_FAMILY = 1;
			};
			name = Release;
		};
/* End XCBuildConfiguration section */

/* Begin XCConfigurationList section */
		A1B8AEE32878560A000D16DE /* Build configuration list for PBXProject "Cats" */ = {
			isa = XCConfigurationList;
			buildConfigurations = (
				A1B8AF0A2878560B000D16DE /* Debug */,
				A1B8AF0B2878560B000D16DE /* Release */,
			);
			defaultConfigurationIsVisible = 0;
			defaultConfigurationName = Debug;
		};
		A1B8AF0C2878560B000D16DE /* Build configuration list for PBXNativeTarget "Cats" */ = {
			isa = XCConfigurationList;
			buildConfigurations = (
				A1B8AF0D2878560B000D16DE /* Debug */,
				A1B8AF0E2878560B000D16DE /* Release */,
			);
			defaultConfigurationIsVisible = 0;
			defaultConfigurationName = Debug;
		};
/* End XCConfigurationList section */
	};
	rootObject = A1B8AEE02878560A000D16DE /* Project object */;
}
